// !$*UTF8*$!
{
	archiveVersion = 1;
	classes = {
	};
	objectVersion = 46;
	objects = {

/* Begin PBXBuildFile section */
		345565121D10EF1300B6E562 /* Localizable.strings in Resources */ = {isa = PBXBuildFile; fileRef = 345565111D10EF1300B6E562 /* Localizable.strings */; };
		345565181D10F10700B6E562 /* AppDelegate+Launcher.m in Sources */ = {isa = PBXBuildFile; fileRef = 345565171D10F10700B6E562 /* AppDelegate+Launcher.m */; };
		3455651B1D10F13200B6E562 /* AppDelegate+ShareSDK.m in Sources */ = {isa = PBXBuildFile; fileRef = 3455651A1D10F13200B6E562 /* AppDelegate+ShareSDK.m */; };
		3455651E1D10F14800B6E562 /* AppDelegate+Sephone.m in Sources */ = {isa = PBXBuildFile; fileRef = 3455651D1D10F14800B6E562 /* AppDelegate+Sephone.m */; };
		345565331D10F8A600B6E562 /* AppUtil.m in Sources */ = {isa = PBXBuildFile; fileRef = 345565301D10F8A600B6E562 /* AppUtil.m */; };
		345565341D10F8A600B6E562 /* Reachability.m in Sources */ = {isa = PBXBuildFile; fileRef = 345565321D10F8A600B6E562 /* Reachability.m */; };
		345565361D10F90000B6E562 /* CoreGraphics.framework in Frameworks */ = {isa = PBXBuildFile; fileRef = 345565351D10F8FF00B6E562 /* CoreGraphics.framework */; };
		345565381D10F9B200B6E562 /* UIKit.framework in Frameworks */ = {isa = PBXBuildFile; fileRef = 345565371D10F9B200B6E562 /* UIKit.framework */; };
		3455653A1D10F9B900B6E562 /* AVFoundation.framework in Frameworks */ = {isa = PBXBuildFile; fileRef = 345565391D10F9B900B6E562 /* AVFoundation.framework */; };
		3455653F1D10FE3E00B6E562 /* NSString+URLEncoding.m in Sources */ = {isa = PBXBuildFile; fileRef = 3455653C1D10FE3E00B6E562 /* NSString+URLEncoding.m */; };
		345565401D10FE3E00B6E562 /* QFTableView.m in Sources */ = {isa = PBXBuildFile; fileRef = 3455653E1D10FE3E00B6E562 /* QFTableView.m */; };
		3455654D1D10FE4800B6E562 /* UIActionSheet+Blocks.m in Sources */ = {isa = PBXBuildFile; fileRef = 345565431D10FE4800B6E562 /* UIActionSheet+Blocks.m */; };
		3455654E1D10FE4800B6E562 /* UIAlertView+Blocks.m in Sources */ = {isa = PBXBuildFile; fileRef = 345565461D10FE4800B6E562 /* UIAlertView+Blocks.m */; };
		3455654F1D10FE4800B6E562 /* UIButton+Blocks.m in Sources */ = {isa = PBXBuildFile; fileRef = 345565491D10FE4800B6E562 /* UIButton+Blocks.m */; };
		345565501D10FE4800B6E562 /* UIImage-Extensions.m in Sources */ = {isa = PBXBuildFile; fileRef = 3455654C1D10FE4800B6E562 /* UIImage-Extensions.m */; };
		345565531D10FE5C00B6E562 /* UIViewController+HUD.m in Sources */ = {isa = PBXBuildFile; fileRef = 345565521D10FE5C00B6E562 /* UIViewController+HUD.m */; };
		345565561D10FE6400B6E562 /* UIView+Sizes.m in Sources */ = {isa = PBXBuildFile; fileRef = 345565551D10FE6400B6E562 /* UIView+Sizes.m */; };
		3455655A1D10FE6C00B6E562 /* UIView+TapBlocks.m in Sources */ = {isa = PBXBuildFile; fileRef = 345565591D10FE6C00B6E562 /* UIView+TapBlocks.m */; };
		345565601D10FF0700B6E562 /* UITableView+SDAutoTableViewCellHeight.m in Sources */ = {isa = PBXBuildFile; fileRef = 3455655D1D10FF0700B6E562 /* UITableView+SDAutoTableViewCellHeight.m */; };
		345565611D10FF0700B6E562 /* UIView+SDAutoLayout.m in Sources */ = {isa = PBXBuildFile; fileRef = 3455655F1D10FF0700B6E562 /* UIView+SDAutoLayout.m */; };
		345565681D10FFED00B6E562 /* AccountManager.m in Sources */ = {isa = PBXBuildFile; fileRef = 345565671D10FFED00B6E562 /* AccountManager.m */; };
		3455656B1D11008300B6E562 /* BaseModel.m in Sources */ = {isa = PBXBuildFile; fileRef = 3455656A1D11008300B6E562 /* BaseModel.m */; };
		345565741D1134E500B6E562 /* MainTabViewController.m in Sources */ = {isa = PBXBuildFile; fileRef = 345565731D1134E500B6E562 /* MainTabViewController.m */; };
		3455657A1D11371800B6E562 /* MydeviceViewcontroller.m in Sources */ = {isa = PBXBuildFile; fileRef = 345565791D11371800B6E562 /* MydeviceViewcontroller.m */; };
		3455657D1D11374500B6E562 /* PersonCenterViewcontroller.m in Sources */ = {isa = PBXBuildFile; fileRef = 3455657C1D11374500B6E562 /* PersonCenterViewcontroller.m */; };
		345565801D11376500B6E562 /* FamilySpaceViewcontroller.m in Sources */ = {isa = PBXBuildFile; fileRef = 3455657F1D11376500B6E562 /* FamilySpaceViewcontroller.m */; };
		345565831D1139F200B6E562 /* LoginViewController.m in Sources */ = {isa = PBXBuildFile; fileRef = 345565821D1139F200B6E562 /* LoginViewController.m */; };
		345565861D113A7900B6E562 /* PopStartView.m in Sources */ = {isa = PBXBuildFile; fileRef = 345565851D113A7900B6E562 /* PopStartView.m */; };
		345565891D113B5A00B6E562 /* ViewController.m in Sources */ = {isa = PBXBuildFile; fileRef = 345565881D113B5A00B6E562 /* ViewController.m */; };
		345565B01D114C5400B6E562 /* launguide.jpg in Resources */ = {isa = PBXBuildFile; fileRef = 345565AF1D114C5400B6E562 /* launguide.jpg */; };
		345565B21D114CFA00B6E562 /* Launch Screen.storyboard in Resources */ = {isa = PBXBuildFile; fileRef = 345565B11D114CFA00B6E562 /* Launch Screen.storyboard */; };
		345565B51D11500F00B6E562 /* BaseViewController.m in Sources */ = {isa = PBXBuildFile; fileRef = 345565B41D11500F00B6E562 /* BaseViewController.m */; };
		345565B81D11505E00B6E562 /* UITabBar+Badge.m in Sources */ = {isa = PBXBuildFile; fileRef = 345565B71D11505E00B6E562 /* UITabBar+Badge.m */; };
		345565BB1D1246B900B6E562 /* BaseTabViewController.m in Sources */ = {isa = PBXBuildFile; fileRef = 345565BA1D1246B900B6E562 /* BaseTabViewController.m */; };
		345565BF1D12533C00B6E562 /* PromptboxView.m in Sources */ = {isa = PBXBuildFile; fileRef = 345565BE1D12533C00B6E562 /* PromptboxView.m */; };
		345565C21D125B4500B6E562 /* PopView.m in Sources */ = {isa = PBXBuildFile; fileRef = 345565C11D125B4500B6E562 /* PopView.m */; };
		345565D21D129EBC00B6E562 /* DeviceInformationViewController.m in Sources */ = {isa = PBXBuildFile; fileRef = 345565D01D129EBC00B6E562 /* DeviceInformationViewController.m */; };
		345565D31D129EBC00B6E562 /* DeviceInformationViewController.xib in Resources */ = {isa = PBXBuildFile; fileRef = 345565D11D129EBC00B6E562 /* DeviceInformationViewController.xib */; };
		345565D71D129F5200B6E562 /* MyDeviceTableViewCell.m in Sources */ = {isa = PBXBuildFile; fileRef = 345565D51D129F5200B6E562 /* MyDeviceTableViewCell.m */; };
		345565D81D129F5200B6E562 /* MyDeviceTableViewCell.xib in Resources */ = {isa = PBXBuildFile; fileRef = 345565D61D129F5200B6E562 /* MyDeviceTableViewCell.xib */; };
		345565DE1D12A5D800B6E562 /* PerInformationTableViewCell.m in Sources */ = {isa = PBXBuildFile; fileRef = 345565DC1D12A5D800B6E562 /* PerInformationTableViewCell.m */; };
		345565DF1D12A5D800B6E562 /* PerInformationTableViewCell.xib in Resources */ = {isa = PBXBuildFile; fileRef = 345565DD1D12A5D800B6E562 /* PerInformationTableViewCell.xib */; };
		345565E41D139DB200B6E562 /* FamilyTeamViewController.m in Sources */ = {isa = PBXBuildFile; fileRef = 345565E21D139DB200B6E562 /* FamilyTeamViewController.m */; };
		345565E51D139DB200B6E562 /* FamilyTeamViewController.xib in Resources */ = {isa = PBXBuildFile; fileRef = 345565E31D139DB200B6E562 /* FamilyTeamViewController.xib */; };
		345565E91D13A04100B6E562 /* FamilyTeamTableViewCell.m in Sources */ = {isa = PBXBuildFile; fileRef = 345565E71D13A04100B6E562 /* FamilyTeamTableViewCell.m */; };
		345565EA1D13A04100B6E562 /* FamilyTeamTableViewCell.xib in Resources */ = {isa = PBXBuildFile; fileRef = 345565E81D13A04100B6E562 /* FamilyTeamTableViewCell.xib */; };
		34921D071D17C77000541E41 /* CheckDeviceModel.m in Sources */ = {isa = PBXBuildFile; fileRef = 34921D061D17C77000541E41 /* CheckDeviceModel.m */; };
		34921D0A1D18DDC700541E41 /* se_saomao@2x.png in Resources */ = {isa = PBXBuildFile; fileRef = 34921D091D18DDC700541E41 /* se_saomao@2x.png */; };
		34921D0F1D191A5D00541E41 /* SaomaoViewController.m in Sources */ = {isa = PBXBuildFile; fileRef = 34921D0D1D191A5D00541E41 /* SaomaoViewController.m */; };
		34921D101D191A5D00541E41 /* SaomaoViewController.xib in Resources */ = {isa = PBXBuildFile; fileRef = 34921D0E1D191A5D00541E41 /* SaomaoViewController.xib */; };
		349263551D13E5F3006C2FD9 /* PersonTableViewCell.m in Sources */ = {isa = PBXBuildFile; fileRef = 349263531D13E5F3006C2FD9 /* PersonTableViewCell.m */; };
		349263561D13E5F3006C2FD9 /* PersonTableViewCell.xib in Resources */ = {isa = PBXBuildFile; fileRef = 349263541D13E5F3006C2FD9 /* PersonTableViewCell.xib */; };
		3492635B1D13FAC6006C2FD9 /* MyphotoAlbumViewController.m in Sources */ = {isa = PBXBuildFile; fileRef = 349263591D13FAC6006C2FD9 /* MyphotoAlbumViewController.m */; };
		3492635C1D13FAC6006C2FD9 /* MyphotoAlbumViewController.xib in Resources */ = {isa = PBXBuildFile; fileRef = 3492635A1D13FAC6006C2FD9 /* MyphotoAlbumViewController.xib */; };
		349263621D13FC72006C2FD9 /* AboutViewController.m in Sources */ = {isa = PBXBuildFile; fileRef = 349263601D13FC72006C2FD9 /* AboutViewController.m */; };
		349263631D13FC72006C2FD9 /* AboutViewController.xib in Resources */ = {isa = PBXBuildFile; fileRef = 349263611D13FC72006C2FD9 /* AboutViewController.xib */; };
		349263671D13FC9F006C2FD9 /* RepairPwViewController.m in Sources */ = {isa = PBXBuildFile; fileRef = 349263651D13FC9F006C2FD9 /* RepairPwViewController.m */; };
		349263681D13FC9F006C2FD9 /* RepairPwViewController.xib in Resources */ = {isa = PBXBuildFile; fileRef = 349263661D13FC9F006C2FD9 /* RepairPwViewController.xib */; };
		3492636C1D13FE8D006C2FD9 /* AboutTableViewCell.m in Sources */ = {isa = PBXBuildFile; fileRef = 3492636A1D13FE8D006C2FD9 /* AboutTableViewCell.m */; };
		3492636D1D13FE8D006C2FD9 /* AboutTableViewCell.xib in Resources */ = {isa = PBXBuildFile; fileRef = 3492636B1D13FE8D006C2FD9 /* AboutTableViewCell.xib */; };
		349263741D178EBC006C2FD9 /* AgreementViewController.m in Sources */ = {isa = PBXBuildFile; fileRef = 349263721D178EBC006C2FD9 /* AgreementViewController.m */; };
		349263751D178EBC006C2FD9 /* AgreementViewController.xib in Resources */ = {isa = PBXBuildFile; fileRef = 349263731D178EBC006C2FD9 /* AgreementViewController.xib */; };
		349263791D178EF4006C2FD9 /* OpinionViewController.m in Sources */ = {isa = PBXBuildFile; fileRef = 349263771D178EF4006C2FD9 /* OpinionViewController.m */; };
		3492637A1D178EF4006C2FD9 /* OpinionViewController.xib in Resources */ = {isa = PBXBuildFile; fileRef = 349263781D178EF4006C2FD9 /* OpinionViewController.xib */; };
		3492637E1D178F1B006C2FD9 /* ProductionIntroducViewController.m in Sources */ = {isa = PBXBuildFile; fileRef = 3492637C1D178F1B006C2FD9 /* ProductionIntroducViewController.m */; };
		3492637F1D178F1B006C2FD9 /* ProductionIntroducViewController.xib in Resources */ = {isa = PBXBuildFile; fileRef = 3492637D1D178F1B006C2FD9 /* ProductionIntroducViewController.xib */; };
		34F4D2931D1A673C005963CA /* libBPush.a in Frameworks */ = {isa = PBXBuildFile; fileRef = 34F4D2911D1A673C005963CA /* libBPush.a */; };
		34F4D2941D1A673C005963CA /* test.caf in Resources */ = {isa = PBXBuildFile; fileRef = 34F4D2921D1A673C005963CA /* test.caf */; };
		34F4D2971D1A679A005963CA /* AppDelegate+BaiduPush.m in Sources */ = {isa = PBXBuildFile; fileRef = 34F4D2961D1A679A005963CA /* AppDelegate+BaiduPush.m */; };
		34F4D29B1D1A8C9E005963CA /* off_line.png in Resources */ = {isa = PBXBuildFile; fileRef = 34F4D2981D1A8C9E005963CA /* off_line.png */; };
		34F4D29C1D1A8C9E005963CA /* on_connection.png in Resources */ = {isa = PBXBuildFile; fileRef = 34F4D2991D1A8C9E005963CA /* on_connection.png */; };
		34F4D29D1D1A8C9E005963CA /* on_line.png in Resources */ = {isa = PBXBuildFile; fileRef = 34F4D29A1D1A8C9E005963CA /* on_line.png */; };
		34F4D2A11D1CCDE9005963CA /* InCallViewController.m in Sources */ = {isa = PBXBuildFile; fileRef = 34F4D29F1D1CCDE9005963CA /* InCallViewController.m */; };
		34F4D2A21D1CCDE9005963CA /* InCallViewController.xib in Resources */ = {isa = PBXBuildFile; fileRef = 34F4D2A01D1CCDE9005963CA /* InCallViewController.xib */; };
		34F4D2A41D1D21B8005963CA /* round.png in Resources */ = {isa = PBXBuildFile; fileRef = 34F4D2A31D1D21B8005963CA /* round.png */; };
		34F4D2AD1D1D234D005963CA /* before_off.png in Resources */ = {isa = PBXBuildFile; fileRef = 34F4D2A51D1D234D005963CA /* before_off.png */; };
		34F4D2AE1D1D234D005963CA /* before_on.png in Resources */ = {isa = PBXBuildFile; fileRef = 34F4D2A61D1D234D005963CA /* before_on.png */; };
		34F4D2AF1D1D234D005963CA /* behand_off.png in Resources */ = {isa = PBXBuildFile; fileRef = 34F4D2A71D1D234D005963CA /* behand_off.png */; };
		34F4D2B01D1D234D005963CA /* behand_on.png in Resources */ = {isa = PBXBuildFile; fileRef = 34F4D2A81D1D234D005963CA /* behand_on.png */; };
		34F4D2B11D1D234D005963CA /* left_off.png in Resources */ = {isa = PBXBuildFile; fileRef = 34F4D2A91D1D234D005963CA /* left_off.png */; };
		34F4D2B21D1D234D005963CA /* left_on.png in Resources */ = {isa = PBXBuildFile; fileRef = 34F4D2AA1D1D234D005963CA /* left_on.png */; };
		34F4D2B31D1D234D005963CA /* right_off.png in Resources */ = {isa = PBXBuildFile; fileRef = 34F4D2AB1D1D234D005963CA /* right_off.png */; };
		34F4D2B41D1D234D005963CA /* right_on.png in Resources */ = {isa = PBXBuildFile; fileRef = 34F4D2AC1D1D234D005963CA /* right_on.png */; };
		34F4D2B61D1D265A005963CA /* shuping.png in Resources */ = {isa = PBXBuildFile; fileRef = 34F4D2B51D1D265A005963CA /* shuping.png */; };
		572DEE5D1D1162E100035228 /* AFHttpClient.m in Sources */ = {isa = PBXBuildFile; fileRef = 572DEE5C1D1162E100035228 /* AFHttpClient.m */; };
		57D1E5F71CFED25900BEDFF6 /* main.m in Sources */ = {isa = PBXBuildFile; fileRef = 57D1E5F61CFED25900BEDFF6 /* main.m */; };
		57D1E6001CFED25900BEDFF6 /* Main.storyboard in Resources */ = {isa = PBXBuildFile; fileRef = 57D1E5FE1CFED25900BEDFF6 /* Main.storyboard */; };
		57D1E6021CFED25900BEDFF6 /* Assets.xcassets in Resources */ = {isa = PBXBuildFile; fileRef = 57D1E6011CFED25900BEDFF6 /* Assets.xcassets */; };
		7D1AAC751D1A617800B4297E /* NewPhotoalbumViewController.m in Sources */ = {isa = PBXBuildFile; fileRef = 7D1AAC741D1A617800B4297E /* NewPhotoalbumViewController.m */; };
		7D2ECE7A1D191C11003181A9 /* LoginModel.m in Sources */ = {isa = PBXBuildFile; fileRef = 7D2ECE791D191C11003181A9 /* LoginModel.m */; };
		7D2ECE801D192022003181A9 /* AFHttpClient+Account.m in Sources */ = {isa = PBXBuildFile; fileRef = 7D2ECE7F1D192022003181A9 /* AFHttpClient+Account.m */; };
		7D4B10011D1291C90095D463 /* RegistViewController.m in Sources */ = {isa = PBXBuildFile; fileRef = 7D4B10001D1291C90095D463 /* RegistViewController.m */; };
		7D4B10081D1297B10095D463 /* tab_egg_normal@3x.png in Resources */ = {isa = PBXBuildFile; fileRef = 7D4B10021D1297B10095D463 /* tab_egg_normal@3x.png */; };
		7D4B10091D1297B10095D463 /* tab_egg_press@3x.png in Resources */ = {isa = PBXBuildFile; fileRef = 7D4B10031D1297B10095D463 /* tab_egg_press@3x.png */; };
		7D4B100A1D1297B10095D463 /* tab_near_normal@3x.png in Resources */ = {isa = PBXBuildFile; fileRef = 7D4B10041D1297B10095D463 /* tab_near_normal@3x.png */; };
		7D4B100B1D1297B10095D463 /* tab_personal_normal@3x.png in Resources */ = {isa = PBXBuildFile; fileRef = 7D4B10051D1297B10095D463 /* tab_personal_normal@3x.png */; };
		7D4B100C1D1297B10095D463 /* tab_personal_press@3x.png in Resources */ = {isa = PBXBuildFile; fileRef = 7D4B10061D1297B10095D463 /* tab_personal_press@3x.png */; };
		7D4B100D1D1297B10095D463 /* tab_square_normal@3x.png in Resources */ = {isa = PBXBuildFile; fileRef = 7D4B10071D1297B10095D463 /* tab_square_normal@3x.png */; };
		7D4B10101D1297B90095D463 /* tab_near_press@3x.png in Resources */ = {isa = PBXBuildFile; fileRef = 7D4B100E1D1297B90095D463 /* tab_near_press@3x.png */; };
		7D4B10111D1297B90095D463 /* tab_square_press@3x.png in Resources */ = {isa = PBXBuildFile; fileRef = 7D4B100F1D1297B90095D463 /* tab_square_press@3x.png */; };
		7D4B101B1D129C860095D463 /* back@2x.png in Resources */ = {isa = PBXBuildFile; fileRef = 7D4B101A1D129C860095D463 /* back@2x.png */; };
		7D4B101F1D12A2950095D463 /* APPImgae.png in Resources */ = {isa = PBXBuildFile; fileRef = 7D4B101C1D12A2950095D463 /* APPImgae.png */; };
		7D4B10241D12A6C10095D463 /* password.png in Resources */ = {isa = PBXBuildFile; fileRef = 7D4B10221D12A6C10095D463 /* password.png */; };
		7D4B10251D12A6C10095D463 /* user.png in Resources */ = {isa = PBXBuildFile; fileRef = 7D4B10231D12A6C10095D463 /* user.png */; };
		7D509D7D1D1B86A2004E3059 /* NewInformationViewController.m in Sources */ = {isa = PBXBuildFile; fileRef = 7D509D7C1D1B86A2004E3059 /* NewInformationViewController.m */; };
		7D509D811D1BB685004E3059 /* NewAlumbleTableViewCell.m in Sources */ = {isa = PBXBuildFile; fileRef = 7D509D801D1BB685004E3059 /* NewAlumbleTableViewCell.m */; };
		7DD7D1D11D0FE21B0002CD2E /* AppDelegate.m in Sources */ = {isa = PBXBuildFile; fileRef = 7DD7D1D01D0FE21B0002CD2E /* AppDelegate.m */; };
		7DE523941D13D53800C5B5EF /* ForegetPasswordViewController.m in Sources */ = {isa = PBXBuildFile; fileRef = 7DE523931D13D53800C5B5EF /* ForegetPasswordViewController.m */; };
		CEB33C3D282E7125878CD13F /* libPods.a in Frameworks */ = {isa = PBXBuildFile; fileRef = 47642F05A36B917D69532A10 /* libPods.a */; };
/* End PBXBuildFile section */

/* Begin PBXFileReference section */
		0C7D6F536A9CD3F96AA3AF20 /* Pods.debug.xcconfig */ = {isa = PBXFileReference; includeInIndex = 1; lastKnownFileType = text.xcconfig; name = Pods.debug.xcconfig; path = "Pods/Target Support Files/Pods/Pods.debug.xcconfig"; sourceTree = "<group>"; };
		345565111D10EF1300B6E562 /* Localizable.strings */ = {isa = PBXFileReference; fileEncoding = 4; lastKnownFileType = text.plist.strings; path = Localizable.strings; sourceTree = "<group>"; };
		345565151D10F06700B6E562 /* PrefixHeader.pch */ = {isa = PBXFileReference; lastKnownFileType = sourcecode.c.h; path = PrefixHeader.pch; sourceTree = "<group>"; };
		345565161D10F10700B6E562 /* AppDelegate+Launcher.h */ = {isa = PBXFileReference; fileEncoding = 4; lastKnownFileType = sourcecode.c.h; path = "AppDelegate+Launcher.h"; sourceTree = "<group>"; };
		345565171D10F10700B6E562 /* AppDelegate+Launcher.m */ = {isa = PBXFileReference; fileEncoding = 4; lastKnownFileType = sourcecode.c.objc; path = "AppDelegate+Launcher.m"; sourceTree = "<group>"; };
		345565191D10F13200B6E562 /* AppDelegate+ShareSDK.h */ = {isa = PBXFileReference; fileEncoding = 4; lastKnownFileType = sourcecode.c.h; path = "AppDelegate+ShareSDK.h"; sourceTree = "<group>"; };
		3455651A1D10F13200B6E562 /* AppDelegate+ShareSDK.m */ = {isa = PBXFileReference; fileEncoding = 4; lastKnownFileType = sourcecode.c.objc; path = "AppDelegate+ShareSDK.m"; sourceTree = "<group>"; };
		3455651C1D10F14800B6E562 /* AppDelegate+Sephone.h */ = {isa = PBXFileReference; fileEncoding = 4; lastKnownFileType = sourcecode.c.h; path = "AppDelegate+Sephone.h"; sourceTree = "<group>"; };
		3455651D1D10F14800B6E562 /* AppDelegate+Sephone.m */ = {isa = PBXFileReference; fileEncoding = 4; lastKnownFileType = sourcecode.c.objc; path = "AppDelegate+Sephone.m"; sourceTree = "<group>"; };
		3455652D1D10F7E600B6E562 /* Definition.h */ = {isa = PBXFileReference; lastKnownFileType = sourcecode.c.h; path = Definition.h; sourceTree = "<group>"; };
		3455652E1D10F81C00B6E562 /* Notification.h */ = {isa = PBXFileReference; lastKnownFileType = sourcecode.c.h; path = Notification.h; sourceTree = "<group>"; };
		3455652F1D10F8A600B6E562 /* AppUtil.h */ = {isa = PBXFileReference; fileEncoding = 4; lastKnownFileType = sourcecode.c.h; path = AppUtil.h; sourceTree = "<group>"; };
		345565301D10F8A600B6E562 /* AppUtil.m */ = {isa = PBXFileReference; fileEncoding = 4; lastKnownFileType = sourcecode.c.objc; path = AppUtil.m; sourceTree = "<group>"; };
		345565311D10F8A600B6E562 /* Reachability.h */ = {isa = PBXFileReference; fileEncoding = 4; lastKnownFileType = sourcecode.c.h; path = Reachability.h; sourceTree = "<group>"; };
		345565321D10F8A600B6E562 /* Reachability.m */ = {isa = PBXFileReference; fileEncoding = 4; lastKnownFileType = sourcecode.c.objc; path = Reachability.m; sourceTree = "<group>"; };
		345565351D10F8FF00B6E562 /* CoreGraphics.framework */ = {isa = PBXFileReference; lastKnownFileType = wrapper.framework; name = CoreGraphics.framework; path = System/Library/Frameworks/CoreGraphics.framework; sourceTree = SDKROOT; };
		345565371D10F9B200B6E562 /* UIKit.framework */ = {isa = PBXFileReference; lastKnownFileType = wrapper.framework; name = UIKit.framework; path = System/Library/Frameworks/UIKit.framework; sourceTree = SDKROOT; };
		345565391D10F9B900B6E562 /* AVFoundation.framework */ = {isa = PBXFileReference; lastKnownFileType = wrapper.framework; name = AVFoundation.framework; path = System/Library/Frameworks/AVFoundation.framework; sourceTree = SDKROOT; };
		3455653B1D10FE3E00B6E562 /* NSString+URLEncoding.h */ = {isa = PBXFileReference; fileEncoding = 4; lastKnownFileType = sourcecode.c.h; path = "NSString+URLEncoding.h"; sourceTree = "<group>"; };
		3455653C1D10FE3E00B6E562 /* NSString+URLEncoding.m */ = {isa = PBXFileReference; fileEncoding = 4; lastKnownFileType = sourcecode.c.objc; path = "NSString+URLEncoding.m"; sourceTree = "<group>"; };
		3455653D1D10FE3E00B6E562 /* QFTableView.h */ = {isa = PBXFileReference; fileEncoding = 4; lastKnownFileType = sourcecode.c.h; path = QFTableView.h; sourceTree = "<group>"; };
		3455653E1D10FE3E00B6E562 /* QFTableView.m */ = {isa = PBXFileReference; fileEncoding = 4; lastKnownFileType = sourcecode.c.objc; path = QFTableView.m; sourceTree = "<group>"; };
		345565421D10FE4800B6E562 /* UIActionSheet+Blocks.h */ = {isa = PBXFileReference; fileEncoding = 4; lastKnownFileType = sourcecode.c.h; path = "UIActionSheet+Blocks.h"; sourceTree = "<group>"; };
		345565431D10FE4800B6E562 /* UIActionSheet+Blocks.m */ = {isa = PBXFileReference; fileEncoding = 4; lastKnownFileType = sourcecode.c.objc; path = "UIActionSheet+Blocks.m"; sourceTree = "<group>"; };
		345565451D10FE4800B6E562 /* UIAlertView+Blocks.h */ = {isa = PBXFileReference; fileEncoding = 4; lastKnownFileType = sourcecode.c.h; path = "UIAlertView+Blocks.h"; sourceTree = "<group>"; };
		345565461D10FE4800B6E562 /* UIAlertView+Blocks.m */ = {isa = PBXFileReference; fileEncoding = 4; lastKnownFileType = sourcecode.c.objc; path = "UIAlertView+Blocks.m"; sourceTree = "<group>"; };
		345565481D10FE4800B6E562 /* UIButton+Blocks.h */ = {isa = PBXFileReference; fileEncoding = 4; lastKnownFileType = sourcecode.c.h; path = "UIButton+Blocks.h"; sourceTree = "<group>"; };
		345565491D10FE4800B6E562 /* UIButton+Blocks.m */ = {isa = PBXFileReference; fileEncoding = 4; lastKnownFileType = sourcecode.c.objc; path = "UIButton+Blocks.m"; sourceTree = "<group>"; };
		3455654B1D10FE4800B6E562 /* UIImage-Extensions.h */ = {isa = PBXFileReference; fileEncoding = 4; lastKnownFileType = sourcecode.c.h; path = "UIImage-Extensions.h"; sourceTree = "<group>"; };
		3455654C1D10FE4800B6E562 /* UIImage-Extensions.m */ = {isa = PBXFileReference; fileEncoding = 4; lastKnownFileType = sourcecode.c.objc; path = "UIImage-Extensions.m"; sourceTree = "<group>"; };
		345565511D10FE5C00B6E562 /* UIViewController+HUD.h */ = {isa = PBXFileReference; fileEncoding = 4; lastKnownFileType = sourcecode.c.h; path = "UIViewController+HUD.h"; sourceTree = "<group>"; };
		345565521D10FE5C00B6E562 /* UIViewController+HUD.m */ = {isa = PBXFileReference; fileEncoding = 4; lastKnownFileType = sourcecode.c.objc; path = "UIViewController+HUD.m"; sourceTree = "<group>"; };
		345565541D10FE6400B6E562 /* UIView+Sizes.h */ = {isa = PBXFileReference; fileEncoding = 4; lastKnownFileType = sourcecode.c.h; path = "UIView+Sizes.h"; sourceTree = "<group>"; };
		345565551D10FE6400B6E562 /* UIView+Sizes.m */ = {isa = PBXFileReference; fileEncoding = 4; lastKnownFileType = sourcecode.c.objc; path = "UIView+Sizes.m"; sourceTree = "<group>"; };
		345565581D10FE6C00B6E562 /* UIView+TapBlocks.h */ = {isa = PBXFileReference; fileEncoding = 4; lastKnownFileType = sourcecode.c.h; path = "UIView+TapBlocks.h"; sourceTree = "<group>"; };
		345565591D10FE6C00B6E562 /* UIView+TapBlocks.m */ = {isa = PBXFileReference; fileEncoding = 4; lastKnownFileType = sourcecode.c.objc; path = "UIView+TapBlocks.m"; sourceTree = "<group>"; };
		3455655C1D10FF0700B6E562 /* UITableView+SDAutoTableViewCellHeight.h */ = {isa = PBXFileReference; fileEncoding = 4; lastKnownFileType = sourcecode.c.h; path = "UITableView+SDAutoTableViewCellHeight.h"; sourceTree = "<group>"; };
		3455655D1D10FF0700B6E562 /* UITableView+SDAutoTableViewCellHeight.m */ = {isa = PBXFileReference; fileEncoding = 4; lastKnownFileType = sourcecode.c.objc; path = "UITableView+SDAutoTableViewCellHeight.m"; sourceTree = "<group>"; };
		3455655E1D10FF0700B6E562 /* UIView+SDAutoLayout.h */ = {isa = PBXFileReference; fileEncoding = 4; lastKnownFileType = sourcecode.c.h; path = "UIView+SDAutoLayout.h"; sourceTree = "<group>"; };
		3455655F1D10FF0700B6E562 /* UIView+SDAutoLayout.m */ = {isa = PBXFileReference; fileEncoding = 4; lastKnownFileType = sourcecode.c.objc; path = "UIView+SDAutoLayout.m"; sourceTree = "<group>"; };
		345565661D10FFED00B6E562 /* AccountManager.h */ = {isa = PBXFileReference; fileEncoding = 4; lastKnownFileType = sourcecode.c.h; path = AccountManager.h; sourceTree = "<group>"; };
		345565671D10FFED00B6E562 /* AccountManager.m */ = {isa = PBXFileReference; fileEncoding = 4; lastKnownFileType = sourcecode.c.objc; path = AccountManager.m; sourceTree = "<group>"; };
		345565691D11008300B6E562 /* BaseModel.h */ = {isa = PBXFileReference; fileEncoding = 4; lastKnownFileType = sourcecode.c.h; path = BaseModel.h; sourceTree = "<group>"; };
		3455656A1D11008300B6E562 /* BaseModel.m */ = {isa = PBXFileReference; fileEncoding = 4; lastKnownFileType = sourcecode.c.objc; path = BaseModel.m; sourceTree = "<group>"; };
		345565721D1134E500B6E562 /* MainTabViewController.h */ = {isa = PBXFileReference; fileEncoding = 4; lastKnownFileType = sourcecode.c.h; path = MainTabViewController.h; sourceTree = "<group>"; };
		345565731D1134E500B6E562 /* MainTabViewController.m */ = {isa = PBXFileReference; fileEncoding = 4; lastKnownFileType = sourcecode.c.objc; path = MainTabViewController.m; sourceTree = "<group>"; };
		345565781D11371800B6E562 /* MydeviceViewcontroller.h */ = {isa = PBXFileReference; fileEncoding = 4; lastKnownFileType = sourcecode.c.h; path = MydeviceViewcontroller.h; sourceTree = "<group>"; };
		345565791D11371800B6E562 /* MydeviceViewcontroller.m */ = {isa = PBXFileReference; fileEncoding = 4; lastKnownFileType = sourcecode.c.objc; path = MydeviceViewcontroller.m; sourceTree = "<group>"; };
		3455657B1D11374500B6E562 /* PersonCenterViewcontroller.h */ = {isa = PBXFileReference; fileEncoding = 4; lastKnownFileType = sourcecode.c.h; path = PersonCenterViewcontroller.h; sourceTree = "<group>"; };
		3455657C1D11374500B6E562 /* PersonCenterViewcontroller.m */ = {isa = PBXFileReference; fileEncoding = 4; lastKnownFileType = sourcecode.c.objc; path = PersonCenterViewcontroller.m; sourceTree = "<group>"; };
		3455657E1D11376500B6E562 /* FamilySpaceViewcontroller.h */ = {isa = PBXFileReference; fileEncoding = 4; lastKnownFileType = sourcecode.c.h; path = FamilySpaceViewcontroller.h; sourceTree = "<group>"; };
		3455657F1D11376500B6E562 /* FamilySpaceViewcontroller.m */ = {isa = PBXFileReference; fileEncoding = 4; lastKnownFileType = sourcecode.c.objc; path = FamilySpaceViewcontroller.m; sourceTree = "<group>"; };
		345565811D1139F200B6E562 /* LoginViewController.h */ = {isa = PBXFileReference; fileEncoding = 4; lastKnownFileType = sourcecode.c.h; path = LoginViewController.h; sourceTree = "<group>"; };
		345565821D1139F200B6E562 /* LoginViewController.m */ = {isa = PBXFileReference; fileEncoding = 4; lastKnownFileType = sourcecode.c.objc; path = LoginViewController.m; sourceTree = "<group>"; };
		345565841D113A7900B6E562 /* PopStartView.h */ = {isa = PBXFileReference; fileEncoding = 4; lastKnownFileType = sourcecode.c.h; path = PopStartView.h; sourceTree = "<group>"; };
		345565851D113A7900B6E562 /* PopStartView.m */ = {isa = PBXFileReference; fileEncoding = 4; lastKnownFileType = sourcecode.c.objc; path = PopStartView.m; sourceTree = "<group>"; };
		345565871D113B5A00B6E562 /* ViewController.h */ = {isa = PBXFileReference; fileEncoding = 4; lastKnownFileType = sourcecode.c.h; path = ViewController.h; sourceTree = "<group>"; };
		345565881D113B5A00B6E562 /* ViewController.m */ = {isa = PBXFileReference; fileEncoding = 4; lastKnownFileType = sourcecode.c.objc; path = ViewController.m; sourceTree = "<group>"; };
		345565AF1D114C5400B6E562 /* launguide.jpg */ = {isa = PBXFileReference; lastKnownFileType = image.jpeg; path = launguide.jpg; sourceTree = "<group>"; };
		345565B11D114CFA00B6E562 /* Launch Screen.storyboard */ = {isa = PBXFileReference; fileEncoding = 4; lastKnownFileType = file.storyboard; name = "Launch Screen.storyboard"; path = "../Launch Screen.storyboard"; sourceTree = "<group>"; };
		345565B31D11500F00B6E562 /* BaseViewController.h */ = {isa = PBXFileReference; fileEncoding = 4; lastKnownFileType = sourcecode.c.h; path = BaseViewController.h; sourceTree = "<group>"; };
		345565B41D11500F00B6E562 /* BaseViewController.m */ = {isa = PBXFileReference; fileEncoding = 4; lastKnownFileType = sourcecode.c.objc; path = BaseViewController.m; sourceTree = "<group>"; };
		345565B61D11505E00B6E562 /* UITabBar+Badge.h */ = {isa = PBXFileReference; fileEncoding = 4; lastKnownFileType = sourcecode.c.h; path = "UITabBar+Badge.h"; sourceTree = "<group>"; };
		345565B71D11505E00B6E562 /* UITabBar+Badge.m */ = {isa = PBXFileReference; fileEncoding = 4; lastKnownFileType = sourcecode.c.objc; path = "UITabBar+Badge.m"; sourceTree = "<group>"; };
		345565B91D1246B900B6E562 /* BaseTabViewController.h */ = {isa = PBXFileReference; fileEncoding = 4; lastKnownFileType = sourcecode.c.h; path = BaseTabViewController.h; sourceTree = "<group>"; };
		345565BA1D1246B900B6E562 /* BaseTabViewController.m */ = {isa = PBXFileReference; fileEncoding = 4; lastKnownFileType = sourcecode.c.objc; path = BaseTabViewController.m; sourceTree = "<group>"; };
		345565BD1D12533C00B6E562 /* PromptboxView.h */ = {isa = PBXFileReference; fileEncoding = 4; lastKnownFileType = sourcecode.c.h; path = PromptboxView.h; sourceTree = "<group>"; };
		345565BE1D12533C00B6E562 /* PromptboxView.m */ = {isa = PBXFileReference; fileEncoding = 4; lastKnownFileType = sourcecode.c.objc; path = PromptboxView.m; sourceTree = "<group>"; };
		345565C01D125B4500B6E562 /* PopView.h */ = {isa = PBXFileReference; fileEncoding = 4; lastKnownFileType = sourcecode.c.h; path = PopView.h; sourceTree = "<group>"; };
		345565C11D125B4500B6E562 /* PopView.m */ = {isa = PBXFileReference; fileEncoding = 4; lastKnownFileType = sourcecode.c.objc; path = PopView.m; sourceTree = "<group>"; };
		345565CF1D129EBC00B6E562 /* DeviceInformationViewController.h */ = {isa = PBXFileReference; fileEncoding = 4; lastKnownFileType = sourcecode.c.h; path = DeviceInformationViewController.h; sourceTree = "<group>"; };
		345565D01D129EBC00B6E562 /* DeviceInformationViewController.m */ = {isa = PBXFileReference; fileEncoding = 4; lastKnownFileType = sourcecode.c.objc; path = DeviceInformationViewController.m; sourceTree = "<group>"; };
		345565D11D129EBC00B6E562 /* DeviceInformationViewController.xib */ = {isa = PBXFileReference; fileEncoding = 4; lastKnownFileType = file.xib; path = DeviceInformationViewController.xib; sourceTree = "<group>"; };
		345565D41D129F5200B6E562 /* MyDeviceTableViewCell.h */ = {isa = PBXFileReference; fileEncoding = 4; lastKnownFileType = sourcecode.c.h; path = MyDeviceTableViewCell.h; sourceTree = "<group>"; };
		345565D51D129F5200B6E562 /* MyDeviceTableViewCell.m */ = {isa = PBXFileReference; fileEncoding = 4; lastKnownFileType = sourcecode.c.objc; path = MyDeviceTableViewCell.m; sourceTree = "<group>"; };
		345565D61D129F5200B6E562 /* MyDeviceTableViewCell.xib */ = {isa = PBXFileReference; fileEncoding = 4; lastKnownFileType = file.xib; path = MyDeviceTableViewCell.xib; sourceTree = "<group>"; };
		345565DB1D12A5D800B6E562 /* PerInformationTableViewCell.h */ = {isa = PBXFileReference; fileEncoding = 4; lastKnownFileType = sourcecode.c.h; path = PerInformationTableViewCell.h; sourceTree = "<group>"; };
		345565DC1D12A5D800B6E562 /* PerInformationTableViewCell.m */ = {isa = PBXFileReference; fileEncoding = 4; lastKnownFileType = sourcecode.c.objc; path = PerInformationTableViewCell.m; sourceTree = "<group>"; };
		345565DD1D12A5D800B6E562 /* PerInformationTableViewCell.xib */ = {isa = PBXFileReference; fileEncoding = 4; lastKnownFileType = file.xib; path = PerInformationTableViewCell.xib; sourceTree = "<group>"; };
		345565E11D139DB200B6E562 /* FamilyTeamViewController.h */ = {isa = PBXFileReference; fileEncoding = 4; lastKnownFileType = sourcecode.c.h; path = FamilyTeamViewController.h; sourceTree = "<group>"; };
		345565E21D139DB200B6E562 /* FamilyTeamViewController.m */ = {isa = PBXFileReference; fileEncoding = 4; lastKnownFileType = sourcecode.c.objc; path = FamilyTeamViewController.m; sourceTree = "<group>"; };
		345565E31D139DB200B6E562 /* FamilyTeamViewController.xib */ = {isa = PBXFileReference; fileEncoding = 4; lastKnownFileType = file.xib; path = FamilyTeamViewController.xib; sourceTree = "<group>"; };
		345565E61D13A04100B6E562 /* FamilyTeamTableViewCell.h */ = {isa = PBXFileReference; fileEncoding = 4; lastKnownFileType = sourcecode.c.h; path = FamilyTeamTableViewCell.h; sourceTree = "<group>"; };
		345565E71D13A04100B6E562 /* FamilyTeamTableViewCell.m */ = {isa = PBXFileReference; fileEncoding = 4; lastKnownFileType = sourcecode.c.objc; path = FamilyTeamTableViewCell.m; sourceTree = "<group>"; };
		345565E81D13A04100B6E562 /* FamilyTeamTableViewCell.xib */ = {isa = PBXFileReference; fileEncoding = 4; lastKnownFileType = file.xib; path = FamilyTeamTableViewCell.xib; sourceTree = "<group>"; };
		34921D051D17C77000541E41 /* CheckDeviceModel.h */ = {isa = PBXFileReference; fileEncoding = 4; lastKnownFileType = sourcecode.c.h; path = CheckDeviceModel.h; sourceTree = "<group>"; };
		34921D061D17C77000541E41 /* CheckDeviceModel.m */ = {isa = PBXFileReference; fileEncoding = 4; lastKnownFileType = sourcecode.c.objc; path = CheckDeviceModel.m; sourceTree = "<group>"; };
		34921D091D18DDC700541E41 /* se_saomao@2x.png */ = {isa = PBXFileReference; lastKnownFileType = image.png; path = "se_saomao@2x.png"; sourceTree = "<group>"; };
		34921D0C1D191A5D00541E41 /* SaomaoViewController.h */ = {isa = PBXFileReference; fileEncoding = 4; lastKnownFileType = sourcecode.c.h; path = SaomaoViewController.h; sourceTree = "<group>"; };
		34921D0D1D191A5D00541E41 /* SaomaoViewController.m */ = {isa = PBXFileReference; fileEncoding = 4; lastKnownFileType = sourcecode.c.objc; path = SaomaoViewController.m; sourceTree = "<group>"; };
		34921D0E1D191A5D00541E41 /* SaomaoViewController.xib */ = {isa = PBXFileReference; fileEncoding = 4; lastKnownFileType = file.xib; path = SaomaoViewController.xib; sourceTree = "<group>"; };
		349263521D13E5F3006C2FD9 /* PersonTableViewCell.h */ = {isa = PBXFileReference; fileEncoding = 4; lastKnownFileType = sourcecode.c.h; path = PersonTableViewCell.h; sourceTree = "<group>"; };
		349263531D13E5F3006C2FD9 /* PersonTableViewCell.m */ = {isa = PBXFileReference; fileEncoding = 4; lastKnownFileType = sourcecode.c.objc; path = PersonTableViewCell.m; sourceTree = "<group>"; };
		349263541D13E5F3006C2FD9 /* PersonTableViewCell.xib */ = {isa = PBXFileReference; fileEncoding = 4; lastKnownFileType = file.xib; path = PersonTableViewCell.xib; sourceTree = "<group>"; };
		349263581D13FAC6006C2FD9 /* MyphotoAlbumViewController.h */ = {isa = PBXFileReference; fileEncoding = 4; lastKnownFileType = sourcecode.c.h; path = MyphotoAlbumViewController.h; sourceTree = "<group>"; };
		349263591D13FAC6006C2FD9 /* MyphotoAlbumViewController.m */ = {isa = PBXFileReference; fileEncoding = 4; lastKnownFileType = sourcecode.c.objc; path = MyphotoAlbumViewController.m; sourceTree = "<group>"; };
		3492635A1D13FAC6006C2FD9 /* MyphotoAlbumViewController.xib */ = {isa = PBXFileReference; fileEncoding = 4; lastKnownFileType = file.xib; path = MyphotoAlbumViewController.xib; sourceTree = "<group>"; };
		3492635F1D13FC72006C2FD9 /* AboutViewController.h */ = {isa = PBXFileReference; fileEncoding = 4; lastKnownFileType = sourcecode.c.h; path = AboutViewController.h; sourceTree = "<group>"; };
		349263601D13FC72006C2FD9 /* AboutViewController.m */ = {isa = PBXFileReference; fileEncoding = 4; lastKnownFileType = sourcecode.c.objc; path = AboutViewController.m; sourceTree = "<group>"; };
		349263611D13FC72006C2FD9 /* AboutViewController.xib */ = {isa = PBXFileReference; fileEncoding = 4; lastKnownFileType = file.xib; path = AboutViewController.xib; sourceTree = "<group>"; };
		349263641D13FC9F006C2FD9 /* RepairPwViewController.h */ = {isa = PBXFileReference; fileEncoding = 4; lastKnownFileType = sourcecode.c.h; path = RepairPwViewController.h; sourceTree = "<group>"; };
		349263651D13FC9F006C2FD9 /* RepairPwViewController.m */ = {isa = PBXFileReference; fileEncoding = 4; lastKnownFileType = sourcecode.c.objc; path = RepairPwViewController.m; sourceTree = "<group>"; };
		349263661D13FC9F006C2FD9 /* RepairPwViewController.xib */ = {isa = PBXFileReference; fileEncoding = 4; lastKnownFileType = file.xib; path = RepairPwViewController.xib; sourceTree = "<group>"; };
		349263691D13FE8D006C2FD9 /* AboutTableViewCell.h */ = {isa = PBXFileReference; fileEncoding = 4; lastKnownFileType = sourcecode.c.h; path = AboutTableViewCell.h; sourceTree = "<group>"; };
		3492636A1D13FE8D006C2FD9 /* AboutTableViewCell.m */ = {isa = PBXFileReference; fileEncoding = 4; lastKnownFileType = sourcecode.c.objc; path = AboutTableViewCell.m; sourceTree = "<group>"; };
		3492636B1D13FE8D006C2FD9 /* AboutTableViewCell.xib */ = {isa = PBXFileReference; fileEncoding = 4; lastKnownFileType = file.xib; path = AboutTableViewCell.xib; sourceTree = "<group>"; };
		349263711D178EBC006C2FD9 /* AgreementViewController.h */ = {isa = PBXFileReference; fileEncoding = 4; lastKnownFileType = sourcecode.c.h; path = AgreementViewController.h; sourceTree = "<group>"; };
		349263721D178EBC006C2FD9 /* AgreementViewController.m */ = {isa = PBXFileReference; fileEncoding = 4; lastKnownFileType = sourcecode.c.objc; path = AgreementViewController.m; sourceTree = "<group>"; };
		349263731D178EBC006C2FD9 /* AgreementViewController.xib */ = {isa = PBXFileReference; fileEncoding = 4; lastKnownFileType = file.xib; path = AgreementViewController.xib; sourceTree = "<group>"; };
		349263761D178EF4006C2FD9 /* OpinionViewController.h */ = {isa = PBXFileReference; fileEncoding = 4; lastKnownFileType = sourcecode.c.h; path = OpinionViewController.h; sourceTree = "<group>"; };
		349263771D178EF4006C2FD9 /* OpinionViewController.m */ = {isa = PBXFileReference; fileEncoding = 4; lastKnownFileType = sourcecode.c.objc; path = OpinionViewController.m; sourceTree = "<group>"; };
		349263781D178EF4006C2FD9 /* OpinionViewController.xib */ = {isa = PBXFileReference; fileEncoding = 4; lastKnownFileType = file.xib; path = OpinionViewController.xib; sourceTree = "<group>"; };
		3492637B1D178F1B006C2FD9 /* ProductionIntroducViewController.h */ = {isa = PBXFileReference; fileEncoding = 4; lastKnownFileType = sourcecode.c.h; path = ProductionIntroducViewController.h; sourceTree = "<group>"; };
		3492637C1D178F1B006C2FD9 /* ProductionIntroducViewController.m */ = {isa = PBXFileReference; fileEncoding = 4; lastKnownFileType = sourcecode.c.objc; path = ProductionIntroducViewController.m; sourceTree = "<group>"; };
		3492637D1D178F1B006C2FD9 /* ProductionIntroducViewController.xib */ = {isa = PBXFileReference; fileEncoding = 4; lastKnownFileType = file.xib; path = ProductionIntroducViewController.xib; sourceTree = "<group>"; };
		34F4D2901D1A673C005963CA /* BPush.h */ = {isa = PBXFileReference; fileEncoding = 4; lastKnownFileType = sourcecode.c.h; path = BPush.h; sourceTree = "<group>"; };
		34F4D2911D1A673C005963CA /* libBPush.a */ = {isa = PBXFileReference; lastKnownFileType = archive.ar; path = libBPush.a; sourceTree = "<group>"; };
		34F4D2921D1A673C005963CA /* test.caf */ = {isa = PBXFileReference; lastKnownFileType = file; path = test.caf; sourceTree = "<group>"; };
		34F4D2951D1A679A005963CA /* AppDelegate+BaiduPush.h */ = {isa = PBXFileReference; fileEncoding = 4; lastKnownFileType = sourcecode.c.h; path = "AppDelegate+BaiduPush.h"; sourceTree = "<group>"; };
		34F4D2961D1A679A005963CA /* AppDelegate+BaiduPush.m */ = {isa = PBXFileReference; fileEncoding = 4; lastKnownFileType = sourcecode.c.objc; path = "AppDelegate+BaiduPush.m"; sourceTree = "<group>"; };
		34F4D2981D1A8C9E005963CA /* off_line.png */ = {isa = PBXFileReference; lastKnownFileType = image.png; path = off_line.png; sourceTree = "<group>"; };
		34F4D2991D1A8C9E005963CA /* on_connection.png */ = {isa = PBXFileReference; lastKnownFileType = image.png; path = on_connection.png; sourceTree = "<group>"; };
		34F4D29A1D1A8C9E005963CA /* on_line.png */ = {isa = PBXFileReference; lastKnownFileType = image.png; path = on_line.png; sourceTree = "<group>"; };
		34F4D29E1D1CCDE9005963CA /* InCallViewController.h */ = {isa = PBXFileReference; fileEncoding = 4; lastKnownFileType = sourcecode.c.h; path = InCallViewController.h; sourceTree = "<group>"; };
		34F4D29F1D1CCDE9005963CA /* InCallViewController.m */ = {isa = PBXFileReference; fileEncoding = 4; lastKnownFileType = sourcecode.c.objc; path = InCallViewController.m; sourceTree = "<group>"; };
		34F4D2A01D1CCDE9005963CA /* InCallViewController.xib */ = {isa = PBXFileReference; fileEncoding = 4; lastKnownFileType = file.xib; path = InCallViewController.xib; sourceTree = "<group>"; };
		34F4D2A31D1D21B8005963CA /* round.png */ = {isa = PBXFileReference; lastKnownFileType = image.png; path = round.png; sourceTree = "<group>"; };
		34F4D2A51D1D234D005963CA /* before_off.png */ = {isa = PBXFileReference; lastKnownFileType = image.png; path = before_off.png; sourceTree = "<group>"; };
		34F4D2A61D1D234D005963CA /* before_on.png */ = {isa = PBXFileReference; lastKnownFileType = image.png; path = before_on.png; sourceTree = "<group>"; };
		34F4D2A71D1D234D005963CA /* behand_off.png */ = {isa = PBXFileReference; lastKnownFileType = image.png; path = behand_off.png; sourceTree = "<group>"; };
		34F4D2A81D1D234D005963CA /* behand_on.png */ = {isa = PBXFileReference; lastKnownFileType = image.png; path = behand_on.png; sourceTree = "<group>"; };
		34F4D2A91D1D234D005963CA /* left_off.png */ = {isa = PBXFileReference; lastKnownFileType = image.png; path = left_off.png; sourceTree = "<group>"; };
		34F4D2AA1D1D234D005963CA /* left_on.png */ = {isa = PBXFileReference; lastKnownFileType = image.png; path = left_on.png; sourceTree = "<group>"; };
		34F4D2AB1D1D234D005963CA /* right_off.png */ = {isa = PBXFileReference; lastKnownFileType = image.png; path = right_off.png; sourceTree = "<group>"; };
		34F4D2AC1D1D234D005963CA /* right_on.png */ = {isa = PBXFileReference; lastKnownFileType = image.png; path = right_on.png; sourceTree = "<group>"; };
		34F4D2B51D1D265A005963CA /* shuping.png */ = {isa = PBXFileReference; lastKnownFileType = image.png; path = shuping.png; sourceTree = "<group>"; };
		47642F05A36B917D69532A10 /* libPods.a */ = {isa = PBXFileReference; explicitFileType = archive.ar; includeInIndex = 0; path = libPods.a; sourceTree = BUILT_PRODUCTS_DIR; };
		572DEE5B1D1162E100035228 /* AFHttpClient.h */ = {isa = PBXFileReference; fileEncoding = 4; lastKnownFileType = sourcecode.c.h; path = AFHttpClient.h; sourceTree = "<group>"; };
		572DEE5C1D1162E100035228 /* AFHttpClient.m */ = {isa = PBXFileReference; fileEncoding = 4; lastKnownFileType = sourcecode.c.objc; path = AFHttpClient.m; sourceTree = "<group>"; };
		57D1E5F21CFED25900BEDFF6 /* sebot.app */ = {isa = PBXFileReference; explicitFileType = wrapper.application; includeInIndex = 0; path = sebot.app; sourceTree = BUILT_PRODUCTS_DIR; };
		57D1E5F61CFED25900BEDFF6 /* main.m */ = {isa = PBXFileReference; lastKnownFileType = sourcecode.c.objc; path = main.m; sourceTree = "<group>"; };
		57D1E5FF1CFED25900BEDFF6 /* Base */ = {isa = PBXFileReference; lastKnownFileType = file.storyboard; name = Base; path = Base.lproj/Main.storyboard; sourceTree = "<group>"; };
		57D1E6011CFED25900BEDFF6 /* Assets.xcassets */ = {isa = PBXFileReference; lastKnownFileType = folder.assetcatalog; path = Assets.xcassets; sourceTree = "<group>"; };
		57D1E6061CFED25900BEDFF6 /* Info.plist */ = {isa = PBXFileReference; lastKnownFileType = text.plist.xml; path = Info.plist; sourceTree = "<group>"; };
		7D1AAC731D1A617800B4297E /* NewPhotoalbumViewController.h */ = {isa = PBXFileReference; fileEncoding = 4; lastKnownFileType = sourcecode.c.h; path = NewPhotoalbumViewController.h; sourceTree = "<group>"; };
		7D1AAC741D1A617800B4297E /* NewPhotoalbumViewController.m */ = {isa = PBXFileReference; fileEncoding = 4; lastKnownFileType = sourcecode.c.objc; path = NewPhotoalbumViewController.m; sourceTree = "<group>"; };
		7D2ECE781D191C11003181A9 /* LoginModel.h */ = {isa = PBXFileReference; fileEncoding = 4; lastKnownFileType = sourcecode.c.h; path = LoginModel.h; sourceTree = "<group>"; };
		7D2ECE791D191C11003181A9 /* LoginModel.m */ = {isa = PBXFileReference; fileEncoding = 4; lastKnownFileType = sourcecode.c.objc; path = LoginModel.m; sourceTree = "<group>"; };
		7D2ECE7E1D192022003181A9 /* AFHttpClient+Account.h */ = {isa = PBXFileReference; fileEncoding = 4; lastKnownFileType = sourcecode.c.h; path = "AFHttpClient+Account.h"; sourceTree = "<group>"; };
		7D2ECE7F1D192022003181A9 /* AFHttpClient+Account.m */ = {isa = PBXFileReference; fileEncoding = 4; lastKnownFileType = sourcecode.c.objc; path = "AFHttpClient+Account.m"; sourceTree = "<group>"; };
		7D4B0FFF1D1291C90095D463 /* RegistViewController.h */ = {isa = PBXFileReference; fileEncoding = 4; lastKnownFileType = sourcecode.c.h; path = RegistViewController.h; sourceTree = "<group>"; };
		7D4B10001D1291C90095D463 /* RegistViewController.m */ = {isa = PBXFileReference; fileEncoding = 4; lastKnownFileType = sourcecode.c.objc; path = RegistViewController.m; sourceTree = "<group>"; };
		7D4B10021D1297B10095D463 /* tab_egg_normal@3x.png */ = {isa = PBXFileReference; lastKnownFileType = image.png; path = "tab_egg_normal@3x.png"; sourceTree = "<group>"; };
		7D4B10031D1297B10095D463 /* tab_egg_press@3x.png */ = {isa = PBXFileReference; lastKnownFileType = image.png; path = "tab_egg_press@3x.png"; sourceTree = "<group>"; };
		7D4B10041D1297B10095D463 /* tab_near_normal@3x.png */ = {isa = PBXFileReference; lastKnownFileType = image.png; path = "tab_near_normal@3x.png"; sourceTree = "<group>"; };
		7D4B10051D1297B10095D463 /* tab_personal_normal@3x.png */ = {isa = PBXFileReference; lastKnownFileType = image.png; path = "tab_personal_normal@3x.png"; sourceTree = "<group>"; };
		7D4B10061D1297B10095D463 /* tab_personal_press@3x.png */ = {isa = PBXFileReference; lastKnownFileType = image.png; path = "tab_personal_press@3x.png"; sourceTree = "<group>"; };
		7D4B10071D1297B10095D463 /* tab_square_normal@3x.png */ = {isa = PBXFileReference; lastKnownFileType = image.png; path = "tab_square_normal@3x.png"; sourceTree = "<group>"; };
		7D4B100E1D1297B90095D463 /* tab_near_press@3x.png */ = {isa = PBXFileReference; lastKnownFileType = image.png; path = "tab_near_press@3x.png"; sourceTree = "<group>"; };
		7D4B100F1D1297B90095D463 /* tab_square_press@3x.png */ = {isa = PBXFileReference; lastKnownFileType = image.png; path = "tab_square_press@3x.png"; sourceTree = "<group>"; };
		7D4B101A1D129C860095D463 /* back@2x.png */ = {isa = PBXFileReference; lastKnownFileType = image.png; path = "back@2x.png"; sourceTree = "<group>"; };
		7D4B101C1D12A2950095D463 /* APPImgae.png */ = {isa = PBXFileReference; lastKnownFileType = image.png; path = APPImgae.png; sourceTree = "<group>"; };
		7D4B10221D12A6C10095D463 /* password.png */ = {isa = PBXFileReference; lastKnownFileType = image.png; path = password.png; sourceTree = "<group>"; };
		7D4B10231D12A6C10095D463 /* user.png */ = {isa = PBXFileReference; lastKnownFileType = image.png; path = user.png; sourceTree = "<group>"; };
		7D509D7B1D1B86A2004E3059 /* NewInformationViewController.h */ = {isa = PBXFileReference; fileEncoding = 4; lastKnownFileType = sourcecode.c.h; path = NewInformationViewController.h; sourceTree = "<group>"; };
		7D509D7C1D1B86A2004E3059 /* NewInformationViewController.m */ = {isa = PBXFileReference; fileEncoding = 4; lastKnownFileType = sourcecode.c.objc; path = NewInformationViewController.m; sourceTree = "<group>"; };
		7D509D7F1D1BB685004E3059 /* NewAlumbleTableViewCell.h */ = {isa = PBXFileReference; fileEncoding = 4; lastKnownFileType = sourcecode.c.h; path = NewAlumbleTableViewCell.h; sourceTree = "<group>"; };
		7D509D801D1BB685004E3059 /* NewAlumbleTableViewCell.m */ = {isa = PBXFileReference; fileEncoding = 4; lastKnownFileType = sourcecode.c.objc; path = NewAlumbleTableViewCell.m; sourceTree = "<group>"; };
		7DD7D1CF1D0FE21B0002CD2E /* AppDelegate.h */ = {isa = PBXFileReference; fileEncoding = 4; lastKnownFileType = sourcecode.c.h; path = AppDelegate.h; sourceTree = "<group>"; };
		7DD7D1D01D0FE21B0002CD2E /* AppDelegate.m */ = {isa = PBXFileReference; fileEncoding = 4; lastKnownFileType = sourcecode.c.objc; path = AppDelegate.m; sourceTree = "<group>"; };
		7DE523921D13D53800C5B5EF /* ForegetPasswordViewController.h */ = {isa = PBXFileReference; fileEncoding = 4; lastKnownFileType = sourcecode.c.h; path = ForegetPasswordViewController.h; sourceTree = "<group>"; };
		7DE523931D13D53800C5B5EF /* ForegetPasswordViewController.m */ = {isa = PBXFileReference; fileEncoding = 4; lastKnownFileType = sourcecode.c.objc; path = ForegetPasswordViewController.m; sourceTree = "<group>"; };
		8FD84F7D3505BA6C0FF1433D /* Pods.release.xcconfig */ = {isa = PBXFileReference; includeInIndex = 1; lastKnownFileType = text.xcconfig; name = Pods.release.xcconfig; path = "Pods/Target Support Files/Pods/Pods.release.xcconfig"; sourceTree = "<group>"; };
/* End PBXFileReference section */

/* Begin PBXFrameworksBuildPhase section */
		57D1E5EF1CFED25900BEDFF6 /* Frameworks */ = {
			isa = PBXFrameworksBuildPhase;
			buildActionMask = 2147483647;
			files = (
				3455653A1D10F9B900B6E562 /* AVFoundation.framework in Frameworks */,
				34F4D2931D1A673C005963CA /* libBPush.a in Frameworks */,
				345565381D10F9B200B6E562 /* UIKit.framework in Frameworks */,
				345565361D10F90000B6E562 /* CoreGraphics.framework in Frameworks */,
				CEB33C3D282E7125878CD13F /* libPods.a in Frameworks */,
			);
			runOnlyForDeploymentPostprocessing = 0;
		};
/* End PBXFrameworksBuildPhase section */

/* Begin PBXGroup section */
		3455650E1D10EDC800B6E562 /* Resources */ = {
			isa = PBXGroup;
			children = (
				3455650F1D10EDC800B6E562 /* Images */,
				345565101D10EDC800B6E562 /* Strings */,
			);
			path = Resources;
			sourceTree = "<group>";
		};
		3455650F1D10EDC800B6E562 /* Images */ = {
			isa = PBXGroup;
			children = (
				7D4B10121D1297F40095D463 /* buttonImage */,
				7D4B10131D1297F40095D463 /* guideImage */,
				7D4B10141D1297F40095D463 /* navImage */,
				7D4B10151D1297F40095D463 /* tabImage */,
				7D4B100E1D1297B90095D463 /* tab_near_press@3x.png */,
				7D4B100F1D1297B90095D463 /* tab_square_press@3x.png */,
				7D4B10021D1297B10095D463 /* tab_egg_normal@3x.png */,
				7D4B10031D1297B10095D463 /* tab_egg_press@3x.png */,
				7D4B10041D1297B10095D463 /* tab_near_normal@3x.png */,
				7D4B10051D1297B10095D463 /* tab_personal_normal@3x.png */,
				7D4B10061D1297B10095D463 /* tab_personal_press@3x.png */,
				7D4B10071D1297B10095D463 /* tab_square_normal@3x.png */,
				345565AC1D114C3100B6E562 /* luangeImage */,
			);
			path = Images;
			sourceTree = "<group>";
		};
		345565101D10EDC800B6E562 /* Strings */ = {
			isa = PBXGroup;
			children = (
				345565111D10EF1300B6E562 /* Localizable.strings */,
			);
			path = Strings;
			sourceTree = "<group>";
		};
		3455651F1D10F3B700B6E562 /* Common */ = {
			isa = PBXGroup;
			children = (
				345565BC1D12531700B6E562 /* views */,
				3455652C1D10F78200B6E562 /* Macro */,
				3455652B1D10F75900B6E562 /* Categories */,
				3455652A1D10F73100B6E562 /* Utils */,
			);
			path = Common;
			sourceTree = "<group>";
		};
		345565201D10F3B700B6E562 /* Mangers */ = {
			isa = PBXGroup;
			children = (
				345565651D10FFED00B6E562 /* Account */,
			);
			path = Mangers;
			sourceTree = "<group>";
		};
		345565211D10F3B700B6E562 /* Models */ = {
			isa = PBXGroup;
			children = (
				345565691D11008300B6E562 /* BaseModel.h */,
				3455656A1D11008300B6E562 /* BaseModel.m */,
				7D2ECE781D191C11003181A9 /* LoginModel.h */,
				7D2ECE791D191C11003181A9 /* LoginModel.m */,
				34921D051D17C77000541E41 /* CheckDeviceModel.h */,
				34921D061D17C77000541E41 /* CheckDeviceModel.m */,
			);
			path = Models;
			sourceTree = "<group>";
		};
		345565221D10F3B700B6E562 /* Network */ = {
			isa = PBXGroup;
			children = (
				572DEE5B1D1162E100035228 /* AFHttpClient.h */,
				572DEE5C1D1162E100035228 /* AFHttpClient.m */,
				7D2ECE7E1D192022003181A9 /* AFHttpClient+Account.h */,
				7D2ECE7F1D192022003181A9 /* AFHttpClient+Account.m */,
			);
			path = Network;
			sourceTree = "<group>";
		};
		345565231D10F3C400B6E562 /* Vendors */ = {
			isa = PBXGroup;
			children = (
				3455655B1D10FF0700B6E562 /* SDAutoLayout */,
			);
			path = Vendors;
			sourceTree = "<group>";
		};
		345565241D10F3C400B6E562 /* ViewControlls */ = {
			isa = PBXGroup;
			children = (
				345565291D10F66E00B6E562 /* InCall */,
				345565281D10F46000B6E562 /* Base */,
				345565261D10F41C00B6E562 /* Login */,
				345565271D10F41C00B6E562 /* MainTab */,
				345565251D10F3C400B6E562 /* Guide */,
			);
			path = ViewControlls;
			sourceTree = "<group>";
		};
		345565251D10F3C400B6E562 /* Guide */ = {
			isa = PBXGroup;
			children = (
				345565841D113A7900B6E562 /* PopStartView.h */,
				345565851D113A7900B6E562 /* PopStartView.m */,
			);
			path = Guide;
			sourceTree = "<group>";
		};
		345565261D10F41C00B6E562 /* Login */ = {
			isa = PBXGroup;
			children = (
				345565811D1139F200B6E562 /* LoginViewController.h */,
				345565821D1139F200B6E562 /* LoginViewController.m */,
				7D4B0FFF1D1291C90095D463 /* RegistViewController.h */,
				7D4B10001D1291C90095D463 /* RegistViewController.m */,
				7DE523921D13D53800C5B5EF /* ForegetPasswordViewController.h */,
				7DE523931D13D53800C5B5EF /* ForegetPasswordViewController.m */,
			);
			path = Login;
			sourceTree = "<group>";
		};
		345565271D10F41C00B6E562 /* MainTab */ = {
			isa = PBXGroup;
			children = (
				345565761D1136BF00B6E562 /* MyDevice */,
				345565771D1136BF00B6E562 /* PersonCenter */,
				345565751D1136B200B6E562 /* FamilySpace */,
				345565721D1134E500B6E562 /* MainTabViewController.h */,
				345565731D1134E500B6E562 /* MainTabViewController.m */,
			);
			path = MainTab;
			sourceTree = "<group>";
		};
		345565281D10F46000B6E562 /* Base */ = {
			isa = PBXGroup;
			children = (
				345565B61D11505E00B6E562 /* UITabBar+Badge.h */,
				345565B71D11505E00B6E562 /* UITabBar+Badge.m */,
				345565B31D11500F00B6E562 /* BaseViewController.h */,
				345565B41D11500F00B6E562 /* BaseViewController.m */,
				345565B91D1246B900B6E562 /* BaseTabViewController.h */,
				345565BA1D1246B900B6E562 /* BaseTabViewController.m */,
			);
			path = Base;
			sourceTree = "<group>";
		};
		345565291D10F66E00B6E562 /* InCall */ = {
			isa = PBXGroup;
			children = (
				34F4D29E1D1CCDE9005963CA /* InCallViewController.h */,
				34F4D29F1D1CCDE9005963CA /* InCallViewController.m */,
				34F4D2A01D1CCDE9005963CA /* InCallViewController.xib */,
			);
			path = InCall;
			sourceTree = "<group>";
		};
		3455652A1D10F73100B6E562 /* Utils */ = {
			isa = PBXGroup;
			children = (
				3455652F1D10F8A600B6E562 /* AppUtil.h */,
				345565301D10F8A600B6E562 /* AppUtil.m */,
				345565311D10F8A600B6E562 /* Reachability.h */,
				345565321D10F8A600B6E562 /* Reachability.m */,
			);
			path = Utils;
			sourceTree = "<group>";
		};
		3455652B1D10F75900B6E562 /* Categories */ = {
			isa = PBXGroup;
			children = (
				345565571D10FE6C00B6E562 /* UIView+TapBlocks */,
				345565541D10FE6400B6E562 /* UIView+Sizes.h */,
				345565551D10FE6400B6E562 /* UIView+Sizes.m */,
				345565511D10FE5C00B6E562 /* UIViewController+HUD.h */,
				345565521D10FE5C00B6E562 /* UIViewController+HUD.m */,
				3455653B1D10FE3E00B6E562 /* NSString+URLEncoding.h */,
				3455653C1D10FE3E00B6E562 /* NSString+URLEncoding.m */,
				3455653D1D10FE3E00B6E562 /* QFTableView.h */,
				3455653E1D10FE3E00B6E562 /* QFTableView.m */,
				345565411D10FE4800B6E562 /* UIActionSheet+Blocks */,
				345565441D10FE4800B6E562 /* UIAlertView+Blocks */,
				345565471D10FE4800B6E562 /* UIButton+Blocks */,
				3455654A1D10FE4800B6E562 /* UIImage-Extensions */,
			);
			path = Categories;
			sourceTree = "<group>";
		};
		3455652C1D10F78200B6E562 /* Macro */ = {
			isa = PBXGroup;
			children = (
				3455652D1D10F7E600B6E562 /* Definition.h */,
				3455652E1D10F81C00B6E562 /* Notification.h */,
			);
			path = Macro;
			sourceTree = "<group>";
		};
		345565411D10FE4800B6E562 /* UIActionSheet+Blocks */ = {
			isa = PBXGroup;
			children = (
				345565421D10FE4800B6E562 /* UIActionSheet+Blocks.h */,
				345565431D10FE4800B6E562 /* UIActionSheet+Blocks.m */,
			);
			path = "UIActionSheet+Blocks";
			sourceTree = "<group>";
		};
		345565441D10FE4800B6E562 /* UIAlertView+Blocks */ = {
			isa = PBXGroup;
			children = (
				345565451D10FE4800B6E562 /* UIAlertView+Blocks.h */,
				345565461D10FE4800B6E562 /* UIAlertView+Blocks.m */,
			);
			path = "UIAlertView+Blocks";
			sourceTree = "<group>";
		};
		345565471D10FE4800B6E562 /* UIButton+Blocks */ = {
			isa = PBXGroup;
			children = (
				345565481D10FE4800B6E562 /* UIButton+Blocks.h */,
				345565491D10FE4800B6E562 /* UIButton+Blocks.m */,
			);
			path = "UIButton+Blocks";
			sourceTree = "<group>";
		};
		3455654A1D10FE4800B6E562 /* UIImage-Extensions */ = {
			isa = PBXGroup;
			children = (
				3455654B1D10FE4800B6E562 /* UIImage-Extensions.h */,
				3455654C1D10FE4800B6E562 /* UIImage-Extensions.m */,
			);
			path = "UIImage-Extensions";
			sourceTree = "<group>";
		};
		345565571D10FE6C00B6E562 /* UIView+TapBlocks */ = {
			isa = PBXGroup;
			children = (
				345565581D10FE6C00B6E562 /* UIView+TapBlocks.h */,
				345565591D10FE6C00B6E562 /* UIView+TapBlocks.m */,
			);
			path = "UIView+TapBlocks";
			sourceTree = "<group>";
		};
		3455655B1D10FF0700B6E562 /* SDAutoLayout */ = {
			isa = PBXGroup;
			children = (
				3455655C1D10FF0700B6E562 /* UITableView+SDAutoTableViewCellHeight.h */,
				3455655D1D10FF0700B6E562 /* UITableView+SDAutoTableViewCellHeight.m */,
				3455655E1D10FF0700B6E562 /* UIView+SDAutoLayout.h */,
				3455655F1D10FF0700B6E562 /* UIView+SDAutoLayout.m */,
			);
			path = SDAutoLayout;
			sourceTree = "<group>";
		};
		345565651D10FFED00B6E562 /* Account */ = {
			isa = PBXGroup;
			children = (
				345565661D10FFED00B6E562 /* AccountManager.h */,
				345565671D10FFED00B6E562 /* AccountManager.m */,
			);
			path = Account;
			sourceTree = "<group>";
		};
		345565751D1136B200B6E562 /* FamilySpace */ = {
			isa = PBXGroup;
			children = (
				7D509D7E1D1BB663004E3059 /* Views */,
				3455657E1D11376500B6E562 /* FamilySpaceViewcontroller.h */,
				3455657F1D11376500B6E562 /* FamilySpaceViewcontroller.m */,
				7D1AAC731D1A617800B4297E /* NewPhotoalbumViewController.h */,
				7D1AAC741D1A617800B4297E /* NewPhotoalbumViewController.m */,
				7D509D7B1D1B86A2004E3059 /* NewInformationViewController.h */,
				7D509D7C1D1B86A2004E3059 /* NewInformationViewController.m */,
			);
			path = FamilySpace;
			sourceTree = "<group>";
		};
		345565761D1136BF00B6E562 /* MyDevice */ = {
			isa = PBXGroup;
			children = (
				34921D0B1D191A4300541E41 /* Saomao */,
				345565E01D139D7E00B6E562 /* FamilyTeam */,
				345565D41D129F5200B6E562 /* MyDeviceTableViewCell.h */,
				345565D51D129F5200B6E562 /* MyDeviceTableViewCell.m */,
				345565D61D129F5200B6E562 /* MyDeviceTableViewCell.xib */,
				345565781D11371800B6E562 /* MydeviceViewcontroller.h */,
				345565791D11371800B6E562 /* MydeviceViewcontroller.m */,
				345565CE1D129EBC00B6E562 /* MyDeviceInformation */,
			);
			path = MyDevice;
			sourceTree = "<group>";
		};
		345565771D1136BF00B6E562 /* PersonCenter */ = {
			isa = PBXGroup;
			children = (
				3492635E1D13FC4B006C2FD9 /* About */,
				3492635D1D13FC28006C2FD9 /* RepairPw */,
				349263571D13FA8D006C2FD9 /* MyphotoPho */,
				3455657B1D11374500B6E562 /* PersonCenterViewcontroller.h */,
				3455657C1D11374500B6E562 /* PersonCenterViewcontroller.m */,
				349263521D13E5F3006C2FD9 /* PersonTableViewCell.h */,
				349263531D13E5F3006C2FD9 /* PersonTableViewCell.m */,
				349263541D13E5F3006C2FD9 /* PersonTableViewCell.xib */,
			);
			path = PersonCenter;
			sourceTree = "<group>";
		};
		345565AC1D114C3100B6E562 /* luangeImage */ = {
			isa = PBXGroup;
			children = (
				345565AF1D114C5400B6E562 /* launguide.jpg */,
			);
			path = luangeImage;
			sourceTree = "<group>";
		};
		345565BC1D12531700B6E562 /* views */ = {
			isa = PBXGroup;
			children = (
				345565BD1D12533C00B6E562 /* PromptboxView.h */,
				345565BE1D12533C00B6E562 /* PromptboxView.m */,
				345565C01D125B4500B6E562 /* PopView.h */,
				345565C11D125B4500B6E562 /* PopView.m */,
			);
			path = views;
			sourceTree = "<group>";
		};
		345565CE1D129EBC00B6E562 /* MyDeviceInformation */ = {
			isa = PBXGroup;
			children = (
				345565CF1D129EBC00B6E562 /* DeviceInformationViewController.h */,
				345565D01D129EBC00B6E562 /* DeviceInformationViewController.m */,
				345565D11D129EBC00B6E562 /* DeviceInformationViewController.xib */,
				345565DB1D12A5D800B6E562 /* PerInformationTableViewCell.h */,
				345565DC1D12A5D800B6E562 /* PerInformationTableViewCell.m */,
				345565DD1D12A5D800B6E562 /* PerInformationTableViewCell.xib */,
			);
			path = MyDeviceInformation;
			sourceTree = "<group>";
		};
		345565E01D139D7E00B6E562 /* FamilyTeam */ = {
			isa = PBXGroup;
			children = (
				345565E11D139DB200B6E562 /* FamilyTeamViewController.h */,
				345565E21D139DB200B6E562 /* FamilyTeamViewController.m */,
				345565E31D139DB200B6E562 /* FamilyTeamViewController.xib */,
				345565E71D13A04100B6E562 /* FamilyTeamTableViewCell.m */,
				345565E81D13A04100B6E562 /* FamilyTeamTableViewCell.xib */,
				345565E61D13A04100B6E562 /* FamilyTeamTableViewCell.h */,
			);
			path = FamilyTeam;
			sourceTree = "<group>";
		};
		34921D0B1D191A4300541E41 /* Saomao */ = {
			isa = PBXGroup;
			children = (
				34921D0C1D191A5D00541E41 /* SaomaoViewController.h */,
				34921D0D1D191A5D00541E41 /* SaomaoViewController.m */,
				34921D0E1D191A5D00541E41 /* SaomaoViewController.xib */,
			);
			path = Saomao;
			sourceTree = "<group>";
		};
		349263571D13FA8D006C2FD9 /* MyphotoPho */ = {
			isa = PBXGroup;
			children = (
				349263581D13FAC6006C2FD9 /* MyphotoAlbumViewController.h */,
				349263591D13FAC6006C2FD9 /* MyphotoAlbumViewController.m */,
				3492635A1D13FAC6006C2FD9 /* MyphotoAlbumViewController.xib */,
			);
			path = MyphotoPho;
			sourceTree = "<group>";
		};
		3492635D1D13FC28006C2FD9 /* RepairPw */ = {
			isa = PBXGroup;
			children = (
				349263641D13FC9F006C2FD9 /* RepairPwViewController.h */,
				349263651D13FC9F006C2FD9 /* RepairPwViewController.m */,
				349263661D13FC9F006C2FD9 /* RepairPwViewController.xib */,
			);
			path = RepairPw;
			sourceTree = "<group>";
		};
		3492635E1D13FC4B006C2FD9 /* About */ = {
			isa = PBXGroup;
			children = (
				3492636E1D178E57006C2FD9 /* Agreement */,
				3492636F1D178E57006C2FD9 /* Opinion */,
				349263701D178E57006C2FD9 /* ProductIntroduction */,
				3492635F1D13FC72006C2FD9 /* AboutViewController.h */,
				349263601D13FC72006C2FD9 /* AboutViewController.m */,
				349263611D13FC72006C2FD9 /* AboutViewController.xib */,
				349263691D13FE8D006C2FD9 /* AboutTableViewCell.h */,
				3492636A1D13FE8D006C2FD9 /* AboutTableViewCell.m */,
				3492636B1D13FE8D006C2FD9 /* AboutTableViewCell.xib */,
			);
			path = About;
			sourceTree = "<group>";
		};
		3492636E1D178E57006C2FD9 /* Agreement */ = {
			isa = PBXGroup;
			children = (
				349263711D178EBC006C2FD9 /* AgreementViewController.h */,
				349263721D178EBC006C2FD9 /* AgreementViewController.m */,
				349263731D178EBC006C2FD9 /* AgreementViewController.xib */,
			);
			path = Agreement;
			sourceTree = "<group>";
		};
		3492636F1D178E57006C2FD9 /* Opinion */ = {
			isa = PBXGroup;
			children = (
				349263761D178EF4006C2FD9 /* OpinionViewController.h */,
				349263771D178EF4006C2FD9 /* OpinionViewController.m */,
				349263781D178EF4006C2FD9 /* OpinionViewController.xib */,
			);
			path = Opinion;
			sourceTree = "<group>";
		};
		349263701D178E57006C2FD9 /* ProductIntroduction */ = {
			isa = PBXGroup;
			children = (
				3492637B1D178F1B006C2FD9 /* ProductionIntroducViewController.h */,
				3492637C1D178F1B006C2FD9 /* ProductionIntroducViewController.m */,
				3492637D1D178F1B006C2FD9 /* ProductionIntroducViewController.xib */,
			);
			path = ProductIntroduction;
			sourceTree = "<group>";
		};
		34F4D28E1D1A66FF005963CA /* 3rd */ = {
			isa = PBXGroup;
			children = (
				34F4D28F1D1A673C005963CA /* normalversion */,
			);
			path = 3rd;
			sourceTree = "<group>";
		};
		34F4D28F1D1A673C005963CA /* normalversion */ = {
			isa = PBXGroup;
			children = (
				34F4D2901D1A673C005963CA /* BPush.h */,
				34F4D2911D1A673C005963CA /* libBPush.a */,
				34F4D2921D1A673C005963CA /* test.caf */,
			);
			path = normalversion;
			sourceTree = "<group>";
		};
		4E791E3A15D0184E81952149 /* Frameworks */ = {
			isa = PBXGroup;
			children = (
				345565391D10F9B900B6E562 /* AVFoundation.framework */,
				345565371D10F9B200B6E562 /* UIKit.framework */,
				345565351D10F8FF00B6E562 /* CoreGraphics.framework */,
				47642F05A36B917D69532A10 /* libPods.a */,
			);
			name = Frameworks;
			sourceTree = "<group>";
		};
		57D1E5E91CFED25900BEDFF6 = {
			isa = PBXGroup;
			children = (
				57D1E5F41CFED25900BEDFF6 /* sebot */,
				57D1E5F31CFED25900BEDFF6 /* Products */,
				F991287EBB6B0770BD64EAFF /* Pods */,
				4E791E3A15D0184E81952149 /* Frameworks */,
			);
			sourceTree = "<group>";
		};
		57D1E5F31CFED25900BEDFF6 /* Products */ = {
			isa = PBXGroup;
			children = (
				57D1E5F21CFED25900BEDFF6 /* sebot.app */,
			);
			name = Products;
			sourceTree = "<group>";
		};
		57D1E5F41CFED25900BEDFF6 /* sebot */ = {
			isa = PBXGroup;
			children = (
				7DD7D1C91D0FDE5A0002CD2E /* Classes */,
				57D1E5FE1CFED25900BEDFF6 /* Main.storyboard */,
				345565B11D114CFA00B6E562 /* Launch Screen.storyboard */,
				57D1E6011CFED25900BEDFF6 /* Assets.xcassets */,
				57D1E6061CFED25900BEDFF6 /* Info.plist */,
				57D1E5F51CFED25900BEDFF6 /* Supporting Files */,
				345565871D113B5A00B6E562 /* ViewController.h */,
				345565881D113B5A00B6E562 /* ViewController.m */,
			);
			path = sebot;
			sourceTree = "<group>";
		};
		57D1E5F51CFED25900BEDFF6 /* Supporting Files */ = {
			isa = PBXGroup;
			children = (
				57D1E5F61CFED25900BEDFF6 /* main.m */,
				345565151D10F06700B6E562 /* PrefixHeader.pch */,
			);
			name = "Supporting Files";
			sourceTree = "<group>";
		};
		7D4B10121D1297F40095D463 /* buttonImage */ = {
			isa = PBXGroup;
			children = (
				34F4D2B51D1D265A005963CA /* shuping.png */,
				34F4D2A51D1D234D005963CA /* before_off.png */,
				34F4D2A61D1D234D005963CA /* before_on.png */,
				34F4D2A71D1D234D005963CA /* behand_off.png */,
				34F4D2A81D1D234D005963CA /* behand_on.png */,
				34F4D2A91D1D234D005963CA /* left_off.png */,
				34F4D2AA1D1D234D005963CA /* left_on.png */,
				34F4D2AB1D1D234D005963CA /* right_off.png */,
				34F4D2AC1D1D234D005963CA /* right_on.png */,
				34F4D2A31D1D21B8005963CA /* round.png */,
				34F4D2981D1A8C9E005963CA /* off_line.png */,
				34F4D2991D1A8C9E005963CA /* on_connection.png */,
				34F4D29A1D1A8C9E005963CA /* on_line.png */,
				34921D091D18DDC700541E41 /* se_saomao@2x.png */,
				7D4B101A1D129C860095D463 /* back@2x.png */,
				7D4B101C1D12A2950095D463 /* APPImgae.png */,
				7D4B10221D12A6C10095D463 /* password.png */,
				7D4B10231D12A6C10095D463 /* user.png */,
			);
			path = buttonImage;
			sourceTree = "<group>";
		};
		7D4B10131D1297F40095D463 /* guideImage */ = {
			isa = PBXGroup;
			children = (
			);
			path = guideImage;
			sourceTree = "<group>";
		};
		7D4B10141D1297F40095D463 /* navImage */ = {
			isa = PBXGroup;
			children = (
			);
			path = navImage;
			sourceTree = "<group>";
		};
		7D4B10151D1297F40095D463 /* tabImage */ = {
			isa = PBXGroup;
			children = (
			);
			path = tabImage;
			sourceTree = "<group>";
		};
		7D509D7E1D1BB663004E3059 /* Views */ = {
			isa = PBXGroup;
			children = (
				7D509D7F1D1BB685004E3059 /* NewAlumbleTableViewCell.h */,
				7D509D801D1BB685004E3059 /* NewAlumbleTableViewCell.m */,
			);
			path = Views;
			sourceTree = "<group>";
		};
		7DD7D1C91D0FDE5A0002CD2E /* Classes */ = {
			isa = PBXGroup;
			children = (
				34F4D28E1D1A66FF005963CA /* 3rd */,
				7DD7D1CE1D0FE21B0002CD2E /* AppDelegate */,
				345565231D10F3C400B6E562 /* Vendors */,
				345565241D10F3C400B6E562 /* ViewControlls */,
				3455651F1D10F3B700B6E562 /* Common */,
				345565201D10F3B700B6E562 /* Mangers */,
				345565211D10F3B700B6E562 /* Models */,
				345565221D10F3B700B6E562 /* Network */,
				3455650E1D10EDC800B6E562 /* Resources */,
			);
			path = Classes;
			sourceTree = "<group>";
		};
		7DD7D1CE1D0FE21B0002CD2E /* AppDelegate */ = {
			isa = PBXGroup;
			children = (
				7DD7D1CF1D0FE21B0002CD2E /* AppDelegate.h */,
				7DD7D1D01D0FE21B0002CD2E /* AppDelegate.m */,
				345565161D10F10700B6E562 /* AppDelegate+Launcher.h */,
				345565171D10F10700B6E562 /* AppDelegate+Launcher.m */,
				345565191D10F13200B6E562 /* AppDelegate+ShareSDK.h */,
				3455651A1D10F13200B6E562 /* AppDelegate+ShareSDK.m */,
				3455651C1D10F14800B6E562 /* AppDelegate+Sephone.h */,
				3455651D1D10F14800B6E562 /* AppDelegate+Sephone.m */,
				34F4D2951D1A679A005963CA /* AppDelegate+BaiduPush.h */,
				34F4D2961D1A679A005963CA /* AppDelegate+BaiduPush.m */,
			);
			path = AppDelegate;
			sourceTree = "<group>";
		};
		F991287EBB6B0770BD64EAFF /* Pods */ = {
			isa = PBXGroup;
			children = (
				0C7D6F536A9CD3F96AA3AF20 /* Pods.debug.xcconfig */,
				8FD84F7D3505BA6C0FF1433D /* Pods.release.xcconfig */,
			);
			name = Pods;
			sourceTree = "<group>";
		};
/* End PBXGroup section */

/* Begin PBXNativeTarget section */
		57D1E5F11CFED25900BEDFF6 /* sebot */ = {
			isa = PBXNativeTarget;
			buildConfigurationList = 57D1E6091CFED25900BEDFF6 /* Build configuration list for PBXNativeTarget "sebot" */;
			buildPhases = (
				42EE8E90881992B47C1B88C9 /* Check Pods Manifest.lock */,
				57D1E5EE1CFED25900BEDFF6 /* Sources */,
				57D1E5EF1CFED25900BEDFF6 /* Frameworks */,
				57D1E5F01CFED25900BEDFF6 /* Resources */,
				4EEC1E1A2513003E201CD1BC /* Embed Pods Frameworks */,
				298919F2D9624DB9F7ABADEA /* Copy Pods Resources */,
			);
			buildRules = (
			);
			dependencies = (
			);
			name = sebot;
			productName = sebot;
			productReference = 57D1E5F21CFED25900BEDFF6 /* sebot.app */;
			productType = "com.apple.product-type.application";
		};
/* End PBXNativeTarget section */

/* Begin PBXProject section */
		57D1E5EA1CFED25900BEDFF6 /* Project object */ = {
			isa = PBXProject;
			attributes = {
				LastUpgradeCheck = 0730;
				ORGANIZATIONNAME = sego;
				TargetAttributes = {
					57D1E5F11CFED25900BEDFF6 = {
						CreatedOnToolsVersion = 7.3;
						DevelopmentTeam = 454LPD78S8;
					};
				};
			};
			buildConfigurationList = 57D1E5ED1CFED25900BEDFF6 /* Build configuration list for PBXProject "sebot" */;
			compatibilityVersion = "Xcode 3.2";
			developmentRegion = English;
			hasScannedForEncodings = 0;
			knownRegions = (
				en,
				Base,
			);
			mainGroup = 57D1E5E91CFED25900BEDFF6;
			productRefGroup = 57D1E5F31CFED25900BEDFF6 /* Products */;
			projectDirPath = "";
			projectRoot = "";
			targets = (
				57D1E5F11CFED25900BEDFF6 /* sebot */,
			);
		};
/* End PBXProject section */

/* Begin PBXResourcesBuildPhase section */
		57D1E5F01CFED25900BEDFF6 /* Resources */ = {
			isa = PBXResourcesBuildPhase;
			buildActionMask = 2147483647;
			files = (
				34F4D2941D1A673C005963CA /* test.caf in Resources */,
				34F4D2B21D1D234D005963CA /* left_on.png in Resources */,
				3492635C1D13FAC6006C2FD9 /* MyphotoAlbumViewController.xib in Resources */,
				7D4B100D1D1297B10095D463 /* tab_square_normal@3x.png in Resources */,
				34F4D2B61D1D265A005963CA /* shuping.png in Resources */,
				7D4B100A1D1297B10095D463 /* tab_near_normal@3x.png in Resources */,
				7D4B10241D12A6C10095D463 /* password.png in Resources */,
				7D4B101F1D12A2950095D463 /* APPImgae.png in Resources */,
				34F4D2AD1D1D234D005963CA /* before_off.png in Resources */,
				7D4B100B1D1297B10095D463 /* tab_personal_normal@3x.png in Resources */,
				34921D101D191A5D00541E41 /* SaomaoViewController.xib in Resources */,
				345565D81D129F5200B6E562 /* MyDeviceTableViewCell.xib in Resources */,
				7D4B10101D1297B90095D463 /* tab_near_press@3x.png in Resources */,
				7D4B101B1D129C860095D463 /* back@2x.png in Resources */,
				345565DF1D12A5D800B6E562 /* PerInformationTableViewCell.xib in Resources */,
				345565D31D129EBC00B6E562 /* DeviceInformationViewController.xib in Resources */,
				7D4B10091D1297B10095D463 /* tab_egg_press@3x.png in Resources */,
				34F4D2AF1D1D234D005963CA /* behand_off.png in Resources */,
				345565EA1D13A04100B6E562 /* FamilyTeamTableViewCell.xib in Resources */,
				34F4D29B1D1A8C9E005963CA /* off_line.png in Resources */,
				3492637A1D178EF4006C2FD9 /* OpinionViewController.xib in Resources */,
				34F4D2B31D1D234D005963CA /* right_off.png in Resources */,
				345565121D10EF1300B6E562 /* Localizable.strings in Resources */,
				34F4D29D1D1A8C9E005963CA /* on_line.png in Resources */,
				57D1E6021CFED25900BEDFF6 /* Assets.xcassets in Resources */,
				7D4B100C1D1297B10095D463 /* tab_personal_press@3x.png in Resources */,
				349263751D178EBC006C2FD9 /* AgreementViewController.xib in Resources */,
				57D1E6001CFED25900BEDFF6 /* Main.storyboard in Resources */,
				349263561D13E5F3006C2FD9 /* PersonTableViewCell.xib in Resources */,
				34F4D2A21D1CCDE9005963CA /* InCallViewController.xib in Resources */,
				345565E51D139DB200B6E562 /* FamilyTeamViewController.xib in Resources */,
				345565B21D114CFA00B6E562 /* Launch Screen.storyboard in Resources */,
				3492637F1D178F1B006C2FD9 /* ProductionIntroducViewController.xib in Resources */,
				34F4D2A41D1D21B8005963CA /* round.png in Resources */,
				349263681D13FC9F006C2FD9 /* RepairPwViewController.xib in Resources */,
				7D4B10081D1297B10095D463 /* tab_egg_normal@3x.png in Resources */,
				34F4D2B11D1D234D005963CA /* left_off.png in Resources */,
				7D4B10251D12A6C10095D463 /* user.png in Resources */,
				7D4B10111D1297B90095D463 /* tab_square_press@3x.png in Resources */,
				3492636D1D13FE8D006C2FD9 /* AboutTableViewCell.xib in Resources */,
				349263631D13FC72006C2FD9 /* AboutViewController.xib in Resources */,
				34F4D29C1D1A8C9E005963CA /* on_connection.png in Resources */,
				345565B01D114C5400B6E562 /* launguide.jpg in Resources */,
				34921D0A1D18DDC700541E41 /* se_saomao@2x.png in Resources */,
				34F4D2B41D1D234D005963CA /* right_on.png in Resources */,
				34F4D2B01D1D234D005963CA /* behand_on.png in Resources */,
				34F4D2AE1D1D234D005963CA /* before_on.png in Resources */,
			);
			runOnlyForDeploymentPostprocessing = 0;
		};
/* End PBXResourcesBuildPhase section */

/* Begin PBXShellScriptBuildPhase section */
		298919F2D9624DB9F7ABADEA /* Copy Pods Resources */ = {
			isa = PBXShellScriptBuildPhase;
			buildActionMask = 2147483647;
			files = (
			);
			inputPaths = (
			);
			name = "Copy Pods Resources";
			outputPaths = (
			);
			runOnlyForDeploymentPostprocessing = 0;
			shellPath = /bin/sh;
			shellScript = "\"${SRCROOT}/Pods/Target Support Files/Pods/Pods-resources.sh\"\n";
			showEnvVarsInLog = 0;
		};
		42EE8E90881992B47C1B88C9 /* Check Pods Manifest.lock */ = {
			isa = PBXShellScriptBuildPhase;
			buildActionMask = 2147483647;
			files = (
			);
			inputPaths = (
			);
			name = "Check Pods Manifest.lock";
			outputPaths = (
			);
			runOnlyForDeploymentPostprocessing = 0;
			shellPath = /bin/sh;
			shellScript = "diff \"${PODS_ROOT}/../Podfile.lock\" \"${PODS_ROOT}/Manifest.lock\" > /dev/null\nif [[ $? != 0 ]] ; then\n    cat << EOM\nerror: The sandbox is not in sync with the Podfile.lock. Run 'pod install' or update your CocoaPods installation.\nEOM\n    exit 1\nfi\n";
			showEnvVarsInLog = 0;
		};
		4EEC1E1A2513003E201CD1BC /* Embed Pods Frameworks */ = {
			isa = PBXShellScriptBuildPhase;
			buildActionMask = 2147483647;
			files = (
			);
			inputPaths = (
			);
			name = "Embed Pods Frameworks";
			outputPaths = (
			);
			runOnlyForDeploymentPostprocessing = 0;
			shellPath = /bin/sh;
			shellScript = "\"${SRCROOT}/Pods/Target Support Files/Pods/Pods-frameworks.sh\"\n";
			showEnvVarsInLog = 0;
		};
/* End PBXShellScriptBuildPhase section */

/* Begin PBXSourcesBuildPhase section */
		57D1E5EE1CFED25900BEDFF6 /* Sources */ = {
			isa = PBXSourcesBuildPhase;
			buildActionMask = 2147483647;
			files = (
				345565181D10F10700B6E562 /* AppDelegate+Launcher.m in Sources */,
				3455651E1D10F14800B6E562 /* AppDelegate+Sephone.m in Sources */,
				3455651B1D10F13200B6E562 /* AppDelegate+ShareSDK.m in Sources */,
				345565B81D11505E00B6E562 /* UITabBar+Badge.m in Sources */,
				345565801D11376500B6E562 /* FamilySpaceViewcontroller.m in Sources */,
				34921D0F1D191A5D00541E41 /* SaomaoViewController.m in Sources */,
				349263791D178EF4006C2FD9 /* OpinionViewController.m in Sources */,
				345565D21D129EBC00B6E562 /* DeviceInformationViewController.m in Sources */,
				572DEE5D1D1162E100035228 /* AFHttpClient.m in Sources */,
				345565D71D129F5200B6E562 /* MyDeviceTableViewCell.m in Sources */,
				7D2ECE801D192022003181A9 /* AFHttpClient+Account.m in Sources */,
				7D509D811D1BB685004E3059 /* NewAlumbleTableViewCell.m in Sources */,
				7D4B10011D1291C90095D463 /* RegistViewController.m in Sources */,
				345565831D1139F200B6E562 /* LoginViewController.m in Sources */,
				349263671D13FC9F006C2FD9 /* RepairPwViewController.m in Sources */,
				7D509D7D1D1B86A2004E3059 /* NewInformationViewController.m in Sources */,
				345565B51D11500F00B6E562 /* BaseViewController.m in Sources */,
				3455657D1D11374500B6E562 /* PersonCenterViewcontroller.m in Sources */,
				3455656B1D11008300B6E562 /* BaseModel.m in Sources */,
				345565BB1D1246B900B6E562 /* BaseTabViewController.m in Sources */,
				7D1AAC751D1A617800B4297E /* NewPhotoalbumViewController.m in Sources */,
				3455654D1D10FE4800B6E562 /* UIActionSheet+Blocks.m in Sources */,
				3455655A1D10FE6C00B6E562 /* UIView+TapBlocks.m in Sources */,
				345565891D113B5A00B6E562 /* ViewController.m in Sources */,
				345565E41D139DB200B6E562 /* FamilyTeamViewController.m in Sources */,
				3455657A1D11371800B6E562 /* MydeviceViewcontroller.m in Sources */,
				345565C21D125B4500B6E562 /* PopView.m in Sources */,
				34F4D2971D1A679A005963CA /* AppDelegate+BaiduPush.m in Sources */,
				345565341D10F8A600B6E562 /* Reachability.m in Sources */,
				345565401D10FE3E00B6E562 /* QFTableView.m in Sources */,
				7DE523941D13D53800C5B5EF /* ForegetPasswordViewController.m in Sources */,
				345565BF1D12533C00B6E562 /* PromptboxView.m in Sources */,
				349263741D178EBC006C2FD9 /* AgreementViewController.m in Sources */,
				3455654E1D10FE4800B6E562 /* UIAlertView+Blocks.m in Sources */,
				3492637E1D178F1B006C2FD9 /* ProductionIntroducViewController.m in Sources */,
				3492636C1D13FE8D006C2FD9 /* AboutTableViewCell.m in Sources */,
				349263621D13FC72006C2FD9 /* AboutViewController.m in Sources */,
				3455654F1D10FE4800B6E562 /* UIButton+Blocks.m in Sources */,
				345565601D10FF0700B6E562 /* UITableView+SDAutoTableViewCellHeight.m in Sources */,
				3492635B1D13FAC6006C2FD9 /* MyphotoAlbumViewController.m in Sources */,
				345565681D10FFED00B6E562 /* AccountManager.m in Sources */,
				345565331D10F8A600B6E562 /* AppUtil.m in Sources */,
				345565741D1134E500B6E562 /* MainTabViewController.m in Sources */,
				345565E91D13A04100B6E562 /* FamilyTeamTableViewCell.m in Sources */,
				7DD7D1D11D0FE21B0002CD2E /* AppDelegate.m in Sources */,
				345565DE1D12A5D800B6E562 /* PerInformationTableViewCell.m in Sources */,
				345565861D113A7900B6E562 /* PopStartView.m in Sources */,
				3455653F1D10FE3E00B6E562 /* NSString+URLEncoding.m in Sources */,
				349263551D13E5F3006C2FD9 /* PersonTableViewCell.m in Sources */,
				345565501D10FE4800B6E562 /* UIImage-Extensions.m in Sources */,
				345565611D10FF0700B6E562 /* UIView+SDAutoLayout.m in Sources */,
				34921D071D17C77000541E41 /* CheckDeviceModel.m in Sources */,
				345565531D10FE5C00B6E562 /* UIViewController+HUD.m in Sources */,
				345565561D10FE6400B6E562 /* UIView+Sizes.m in Sources */,
				34F4D2A11D1CCDE9005963CA /* InCallViewController.m in Sources */,
				57D1E5F71CFED25900BEDFF6 /* main.m in Sources */,
				7D2ECE7A1D191C11003181A9 /* LoginModel.m in Sources */,
			);
			runOnlyForDeploymentPostprocessing = 0;
		};
/* End PBXSourcesBuildPhase section */

/* Begin PBXVariantGroup section */
		57D1E5FE1CFED25900BEDFF6 /* Main.storyboard */ = {
			isa = PBXVariantGroup;
			children = (
				57D1E5FF1CFED25900BEDFF6 /* Base */,
			);
			name = Main.storyboard;
			sourceTree = "<group>";
		};
/* End PBXVariantGroup section */

/* Begin XCBuildConfiguration section */
		57D1E6071CFED25900BEDFF6 /* Debug */ = {
			isa = XCBuildConfiguration;
			buildSettings = {
				ALWAYS_SEARCH_USER_PATHS = NO;
				CLANG_ANALYZER_NONNULL = YES;
				CLANG_CXX_LANGUAGE_STANDARD = "gnu++0x";
				CLANG_CXX_LIBRARY = "libc++";
				CLANG_ENABLE_MODULES = YES;
				CLANG_ENABLE_OBJC_ARC = YES;
				CLANG_WARN_BOOL_CONVERSION = YES;
				CLANG_WARN_CONSTANT_CONVERSION = YES;
				CLANG_WARN_DIRECT_OBJC_ISA_USAGE = YES_ERROR;
				CLANG_WARN_EMPTY_BODY = YES;
				CLANG_WARN_ENUM_CONVERSION = YES;
				CLANG_WARN_INT_CONVERSION = YES;
				CLANG_WARN_OBJC_ROOT_CLASS = YES_ERROR;
				CLANG_WARN_UNREACHABLE_CODE = YES;
				CLANG_WARN__DUPLICATE_METHOD_MATCH = YES;
				"CODE_SIGN_IDENTITY[sdk=iphoneos*]" = "iPhone Developer";
				COPY_PHASE_STRIP = NO;
				DEBUG_INFORMATION_FORMAT = dwarf;
				ENABLE_STRICT_OBJC_MSGSEND = YES;
				ENABLE_TESTABILITY = YES;
				GCC_C_LANGUAGE_STANDARD = gnu99;
				GCC_DYNAMIC_NO_PIC = NO;
				GCC_NO_COMMON_BLOCKS = YES;
				GCC_OPTIMIZATION_LEVEL = 0;
				GCC_PREPROCESSOR_DEFINITIONS = (
					"DEBUG=1",
					"$(inherited)",
				);
				GCC_WARN_64_TO_32_BIT_CONVERSION = YES;
				GCC_WARN_ABOUT_RETURN_TYPE = YES_ERROR;
				GCC_WARN_UNDECLARED_SELECTOR = YES;
				GCC_WARN_UNINITIALIZED_AUTOS = YES_AGGRESSIVE;
				GCC_WARN_UNUSED_FUNCTION = YES;
				GCC_WARN_UNUSED_VARIABLE = YES;
				IPHONEOS_DEPLOYMENT_TARGET = 9.3;
				MTL_ENABLE_DEBUG_INFO = YES;
				ONLY_ACTIVE_ARCH = YES;
				SDKROOT = iphoneos;
			};
			name = Debug;
		};
		57D1E6081CFED25900BEDFF6 /* Release */ = {
			isa = XCBuildConfiguration;
			buildSettings = {
				ALWAYS_SEARCH_USER_PATHS = NO;
				CLANG_ANALYZER_NONNULL = YES;
				CLANG_CXX_LANGUAGE_STANDARD = "gnu++0x";
				CLANG_CXX_LIBRARY = "libc++";
				CLANG_ENABLE_MODULES = YES;
				CLANG_ENABLE_OBJC_ARC = YES;
				CLANG_WARN_BOOL_CONVERSION = YES;
				CLANG_WARN_CONSTANT_CONVERSION = YES;
				CLANG_WARN_DIRECT_OBJC_ISA_USAGE = YES_ERROR;
				CLANG_WARN_EMPTY_BODY = YES;
				CLANG_WARN_ENUM_CONVERSION = YES;
				CLANG_WARN_INT_CONVERSION = YES;
				CLANG_WARN_OBJC_ROOT_CLASS = YES_ERROR;
				CLANG_WARN_UNREACHABLE_CODE = YES;
				CLANG_WARN__DUPLICATE_METHOD_MATCH = YES;
				"CODE_SIGN_IDENTITY[sdk=iphoneos*]" = "iPhone Developer";
				COPY_PHASE_STRIP = NO;
				DEBUG_INFORMATION_FORMAT = "dwarf-with-dsym";
				ENABLE_NS_ASSERTIONS = NO;
				ENABLE_STRICT_OBJC_MSGSEND = YES;
				GCC_C_LANGUAGE_STANDARD = gnu99;
				GCC_NO_COMMON_BLOCKS = YES;
				GCC_WARN_64_TO_32_BIT_CONVERSION = YES;
				GCC_WARN_ABOUT_RETURN_TYPE = YES_ERROR;
				GCC_WARN_UNDECLARED_SELECTOR = YES;
				GCC_WARN_UNINITIALIZED_AUTOS = YES_AGGRESSIVE;
				GCC_WARN_UNUSED_FUNCTION = YES;
				GCC_WARN_UNUSED_VARIABLE = YES;
				IPHONEOS_DEPLOYMENT_TARGET = 9.3;
				MTL_ENABLE_DEBUG_INFO = NO;
				SDKROOT = iphoneos;
				VALIDATE_PRODUCT = YES;
			};
			name = Release;
		};
		57D1E60A1CFED25900BEDFF6 /* Debug */ = {
			isa = XCBuildConfiguration;
			baseConfigurationReference = 0C7D6F536A9CD3F96AA3AF20 /* Pods.debug.xcconfig */;
			buildSettings = {
				ASSETCATALOG_COMPILER_APPICON_NAME = AppIcon;
				CODE_SIGN_IDENTITY = "iPhone Developer";
				"CODE_SIGN_IDENTITY[sdk=iphoneos*]" = "iPhone Developer";
				GCC_PRECOMPILE_PREFIX_HEADER = YES;
				GCC_PREFIX_HEADER = "$(SRCROOT)/sebot/PrefixHeader.pch";
				INFOPLIST_FILE = sebot/Info.plist;
				IPHONEOS_DEPLOYMENT_TARGET = 8.0;
				LD_RUNPATH_SEARCH_PATHS = "$(inherited) @executable_path/Frameworks";
				LIBRARY_SEARCH_PATHS = (
					"$(inherited)",
					"$(PROJECT_DIR)/sebot/Classes/3rd/normalversion",
				);
				PRODUCT_BUNDLE_IDENTIFIER = com.sego.sebo;
				PRODUCT_NAME = "$(TARGET_NAME)";
				PROVISIONING_PROFILE = "";
			};
			name = Debug;
		};
		57D1E60B1CFED25900BEDFF6 /* Release */ = {
			isa = XCBuildConfiguration;
			baseConfigurationReference = 8FD84F7D3505BA6C0FF1433D /* Pods.release.xcconfig */;
			buildSettings = {
				ASSETCATALOG_COMPILER_APPICON_NAME = AppIcon;
				CODE_SIGN_IDENTITY = "iPhone Developer";
				"CODE_SIGN_IDENTITY[sdk=iphoneos*]" = "iPhone Developer";
				GCC_PRECOMPILE_PREFIX_HEADER = YES;
				GCC_PREFIX_HEADER = "$(SRCROOT)/sebot/PrefixHeader.pch";
				INFOPLIST_FILE = sebot/Info.plist;
				IPHONEOS_DEPLOYMENT_TARGET = 8.0;
				LD_RUNPATH_SEARCH_PATHS = "$(inherited) @executable_path/Frameworks";
				LIBRARY_SEARCH_PATHS = (
					"$(inherited)",
					"$(PROJECT_DIR)/sebot/Classes/3rd/normalversion",
				);
				PRODUCT_BUNDLE_IDENTIFIER = com.sego.sebo;
				PRODUCT_NAME = "$(TARGET_NAME)";
				PROVISIONING_PROFILE = "";
			};
			name = Release;
		};
/* End XCBuildConfiguration section */

/* Begin XCConfigurationList section */
		57D1E5ED1CFED25900BEDFF6 /* Build configuration list for PBXProject "sebot" */ = {
			isa = XCConfigurationList;
			buildConfigurations = (
				57D1E6071CFED25900BEDFF6 /* Debug */,
				57D1E6081CFED25900BEDFF6 /* Release */,
			);
			defaultConfigurationIsVisible = 0;
			defaultConfigurationName = Release;
		};
		57D1E6091CFED25900BEDFF6 /* Build configuration list for PBXNativeTarget "sebot" */ = {
			isa = XCConfigurationList;
			buildConfigurations = (
				57D1E60A1CFED25900BEDFF6 /* Debug */,
				57D1E60B1CFED25900BEDFF6 /* Release */,
			);
			defaultConfigurationIsVisible = 0;
			defaultConfigurationName = Release;
		};
/* End XCConfigurationList section */
	};
	rootObject = 57D1E5EA1CFED25900BEDFF6 /* Project object */;
}
