// !$*UTF8*$!
{
	archiveVersion = 1;
	classes = {
	};
	objectVersion = 46;
	objects = {

/* Begin PBXBuildFile section */
		345565121D10EF1300B6E562 /* Localizable.strings in Resources */ = {isa = PBXBuildFile; fileRef = 345565111D10EF1300B6E562 /* Localizable.strings */; };
		345565181D10F10700B6E562 /* AppDelegate+Launcher.m in Sources */ = {isa = PBXBuildFile; fileRef = 345565171D10F10700B6E562 /* AppDelegate+Launcher.m */; };
		3455651B1D10F13200B6E562 /* AppDelegate+ShareSDK.m in Sources */ = {isa = PBXBuildFile; fileRef = 3455651A1D10F13200B6E562 /* AppDelegate+ShareSDK.m */; };
		3455651E1D10F14800B6E562 /* AppDelegate+Sephone.m in Sources */ = {isa = PBXBuildFile; fileRef = 3455651D1D10F14800B6E562 /* AppDelegate+Sephone.m */; };
		57D1E5F71CFED25900BEDFF6 /* main.m in Sources */ = {isa = PBXBuildFile; fileRef = 57D1E5F61CFED25900BEDFF6 /* main.m */; };
		57D1E6001CFED25900BEDFF6 /* Main.storyboard in Resources */ = {isa = PBXBuildFile; fileRef = 57D1E5FE1CFED25900BEDFF6 /* Main.storyboard */; };
		57D1E6021CFED25900BEDFF6 /* Assets.xcassets in Resources */ = {isa = PBXBuildFile; fileRef = 57D1E6011CFED25900BEDFF6 /* Assets.xcassets */; };
		7DD7D1D11D0FE21B0002CD2E /* AppDelegate.m in Sources */ = {isa = PBXBuildFile; fileRef = 7DD7D1D01D0FE21B0002CD2E /* AppDelegate.m */; };
		CEB33C3D282E7125878CD13F /* libPods.a in Frameworks */ = {isa = PBXBuildFile; fileRef = 47642F05A36B917D69532A10 /* libPods.a */; };
/* End PBXBuildFile section */

/* Begin PBXFileReference section */
		0C7D6F536A9CD3F96AA3AF20 /* Pods.debug.xcconfig */ = {isa = PBXFileReference; includeInIndex = 1; lastKnownFileType = text.xcconfig; name = Pods.debug.xcconfig; path = "Pods/Target Support Files/Pods/Pods.debug.xcconfig"; sourceTree = "<group>"; };
		345565111D10EF1300B6E562 /* Localizable.strings */ = {isa = PBXFileReference; fileEncoding = 4; lastKnownFileType = text.plist.strings; path = Localizable.strings; sourceTree = "<group>"; };
		345565151D10F06700B6E562 /* PrefixHeader.pch */ = {isa = PBXFileReference; lastKnownFileType = sourcecode.c.h; path = PrefixHeader.pch; sourceTree = "<group>"; };
		345565161D10F10700B6E562 /* AppDelegate+Launcher.h */ = {isa = PBXFileReference; fileEncoding = 4; lastKnownFileType = sourcecode.c.h; path = "AppDelegate+Launcher.h"; sourceTree = "<group>"; };
		345565171D10F10700B6E562 /* AppDelegate+Launcher.m */ = {isa = PBXFileReference; fileEncoding = 4; lastKnownFileType = sourcecode.c.objc; path = "AppDelegate+Launcher.m"; sourceTree = "<group>"; };
		345565191D10F13200B6E562 /* AppDelegate+ShareSDK.h */ = {isa = PBXFileReference; fileEncoding = 4; lastKnownFileType = sourcecode.c.h; path = "AppDelegate+ShareSDK.h"; sourceTree = "<group>"; };
		3455651A1D10F13200B6E562 /* AppDelegate+ShareSDK.m */ = {isa = PBXFileReference; fileEncoding = 4; lastKnownFileType = sourcecode.c.objc; path = "AppDelegate+ShareSDK.m"; sourceTree = "<group>"; };
		3455651C1D10F14800B6E562 /* AppDelegate+Sephone.h */ = {isa = PBXFileReference; fileEncoding = 4; lastKnownFileType = sourcecode.c.h; path = "AppDelegate+Sephone.h"; sourceTree = "<group>"; };
		3455651D1D10F14800B6E562 /* AppDelegate+Sephone.m */ = {isa = PBXFileReference; fileEncoding = 4; lastKnownFileType = sourcecode.c.objc; path = "AppDelegate+Sephone.m"; sourceTree = "<group>"; };
		47642F05A36B917D69532A10 /* libPods.a */ = {isa = PBXFileReference; explicitFileType = archive.ar; includeInIndex = 0; path = libPods.a; sourceTree = BUILT_PRODUCTS_DIR; };
		57D1E5F21CFED25900BEDFF6 /* sebot.app */ = {isa = PBXFileReference; explicitFileType = wrapper.application; includeInIndex = 0; path = sebot.app; sourceTree = BUILT_PRODUCTS_DIR; };
		57D1E5F61CFED25900BEDFF6 /* main.m */ = {isa = PBXFileReference; lastKnownFileType = sourcecode.c.objc; path = main.m; sourceTree = "<group>"; };
		57D1E5FF1CFED25900BEDFF6 /* Base */ = {isa = PBXFileReference; lastKnownFileType = file.storyboard; name = Base; path = Base.lproj/Main.storyboard; sourceTree = "<group>"; };
		57D1E6011CFED25900BEDFF6 /* Assets.xcassets */ = {isa = PBXFileReference; lastKnownFileType = folder.assetcatalog; path = Assets.xcassets; sourceTree = "<group>"; };
		57D1E6061CFED25900BEDFF6 /* Info.plist */ = {isa = PBXFileReference; lastKnownFileType = text.plist.xml; path = Info.plist; sourceTree = "<group>"; };
		7DD7D1CF1D0FE21B0002CD2E /* AppDelegate.h */ = {isa = PBXFileReference; fileEncoding = 4; lastKnownFileType = sourcecode.c.h; path = AppDelegate.h; sourceTree = "<group>"; };
		7DD7D1D01D0FE21B0002CD2E /* AppDelegate.m */ = {isa = PBXFileReference; fileEncoding = 4; lastKnownFileType = sourcecode.c.objc; path = AppDelegate.m; sourceTree = "<group>"; };
		8FD84F7D3505BA6C0FF1433D /* Pods.release.xcconfig */ = {isa = PBXFileReference; includeInIndex = 1; lastKnownFileType = text.xcconfig; name = Pods.release.xcconfig; path = "Pods/Target Support Files/Pods/Pods.release.xcconfig"; sourceTree = "<group>"; };
/* End PBXFileReference section */

/* Begin PBXFrameworksBuildPhase section */
		57D1E5EF1CFED25900BEDFF6 /* Frameworks */ = {
			isa = PBXFrameworksBuildPhase;
			buildActionMask = 2147483647;
			files = (
				CEB33C3D282E7125878CD13F /* libPods.a in Frameworks */,
			);
			runOnlyForDeploymentPostprocessing = 0;
		};
/* End PBXFrameworksBuildPhase section */

/* Begin PBXGroup section */
		3455650E1D10EDC800B6E562 /* Resources */ = {
			isa = PBXGroup;
			children = (
				3455650F1D10EDC800B6E562 /* Images */,
				345565101D10EDC800B6E562 /* Strings */,
			);
			path = Resources;
			sourceTree = "<group>";
		};
		3455650F1D10EDC800B6E562 /* Images */ = {
			isa = PBXGroup;
			children = (
			);
			path = Images;
			sourceTree = "<group>";
		};
		345565101D10EDC800B6E562 /* Strings */ = {
			isa = PBXGroup;
			children = (
				345565111D10EF1300B6E562 /* Localizable.strings */,
			);
			path = Strings;
			sourceTree = "<group>";
		};
		4E791E3A15D0184E81952149 /* Frameworks */ = {
			isa = PBXGroup;
			children = (
				47642F05A36B917D69532A10 /* libPods.a */,
			);
			name = Frameworks;
			sourceTree = "<group>";
		};
		57D1E5E91CFED25900BEDFF6 = {
			isa = PBXGroup;
			children = (
				57D1E5F41CFED25900BEDFF6 /* sebot */,
				57D1E5F31CFED25900BEDFF6 /* Products */,
				F991287EBB6B0770BD64EAFF /* Pods */,
				4E791E3A15D0184E81952149 /* Frameworks */,
			);
			sourceTree = "<group>";
		};
		57D1E5F31CFED25900BEDFF6 /* Products */ = {
			isa = PBXGroup;
			children = (
				57D1E5F21CFED25900BEDFF6 /* sebot.app */,
			);
			name = Products;
			sourceTree = "<group>";
		};
		57D1E5F41CFED25900BEDFF6 /* sebot */ = {
			isa = PBXGroup;
			children = (
				7DD7D1C91D0FDE5A0002CD2E /* Classes */,
				57D1E5FE1CFED25900BEDFF6 /* Main.storyboard */,
				57D1E6011CFED25900BEDFF6 /* Assets.xcassets */,
				57D1E6061CFED25900BEDFF6 /* Info.plist */,
				57D1E5F51CFED25900BEDFF6 /* Supporting Files */,
			);
			path = sebot;
			sourceTree = "<group>";
		};
		57D1E5F51CFED25900BEDFF6 /* Supporting Files */ = {
			isa = PBXGroup;
			children = (
				57D1E5F61CFED25900BEDFF6 /* main.m */,
				345565151D10F06700B6E562 /* PrefixHeader.pch */,
			);
			name = "Supporting Files";
			sourceTree = "<group>";
		};
		7DD7D1C91D0FDE5A0002CD2E /* Classes */ = {
			isa = PBXGroup;
			children = (
				7DD7D1CE1D0FE21B0002CD2E /* AppDelegate */,
				3455650E1D10EDC800B6E562 /* Resources */,
			);
			path = Classes;
			sourceTree = "<group>";
		};
		7DD7D1CE1D0FE21B0002CD2E /* AppDelegate */ = {
			isa = PBXGroup;
			children = (
				7DD7D1CF1D0FE21B0002CD2E /* AppDelegate.h */,
				7DD7D1D01D0FE21B0002CD2E /* AppDelegate.m */,
				345565161D10F10700B6E562 /* AppDelegate+Launcher.h */,
				345565171D10F10700B6E562 /* AppDelegate+Launcher.m */,
				345565191D10F13200B6E562 /* AppDelegate+ShareSDK.h */,
				3455651A1D10F13200B6E562 /* AppDelegate+ShareSDK.m */,
				3455651C1D10F14800B6E562 /* AppDelegate+Sephone.h */,
				3455651D1D10F14800B6E562 /* AppDelegate+Sephone.m */,
			);
			path = AppDelegate;
			sourceTree = "<group>";
		};
		F991287EBB6B0770BD64EAFF /* Pods */ = {
			isa = PBXGroup;
			children = (
				0C7D6F536A9CD3F96AA3AF20 /* Pods.debug.xcconfig */,
				8FD84F7D3505BA6C0FF1433D /* Pods.release.xcconfig */,
			);
			name = Pods;
			sourceTree = "<group>";
		};
/* End PBXGroup section */

/* Begin PBXNativeTarget section */
		57D1E5F11CFED25900BEDFF6 /* sebot */ = {
			isa = PBXNativeTarget;
			buildConfigurationList = 57D1E6091CFED25900BEDFF6 /* Build configuration list for PBXNativeTarget "sebot" */;
			buildPhases = (
				42EE8E90881992B47C1B88C9 /* Check Pods Manifest.lock */,
				57D1E5EE1CFED25900BEDFF6 /* Sources */,
				57D1E5EF1CFED25900BEDFF6 /* Frameworks */,
				57D1E5F01CFED25900BEDFF6 /* Resources */,
				4EEC1E1A2513003E201CD1BC /* Embed Pods Frameworks */,
				298919F2D9624DB9F7ABADEA /* Copy Pods Resources */,
			);
			buildRules = (
			);
			dependencies = (
			);
			name = sebot;
			productName = sebot;
			productReference = 57D1E5F21CFED25900BEDFF6 /* sebot.app */;
			productType = "com.apple.product-type.application";
		};
/* End PBXNativeTarget section */

/* Begin PBXProject section */
		57D1E5EA1CFED25900BEDFF6 /* Project object */ = {
			isa = PBXProject;
			attributes = {
				LastUpgradeCheck = 0730;
				ORGANIZATIONNAME = sego;
				TargetAttributes = {
					57D1E5F11CFED25900BEDFF6 = {
						CreatedOnToolsVersion = 7.3;
					};
				};
			};
			buildConfigurationList = 57D1E5ED1CFED25900BEDFF6 /* Build configuration list for PBXProject "sebot" */;
			compatibilityVersion = "Xcode 3.2";
			developmentRegion = English;
			hasScannedForEncodings = 0;
			knownRegions = (
				en,
				Base,
			);
			mainGroup = 57D1E5E91CFED25900BEDFF6;
			productRefGroup = 57D1E5F31CFED25900BEDFF6 /* Products */;
			projectDirPath = "";
			projectRoot = "";
			targets = (
				57D1E5F11CFED25900BEDFF6 /* sebot */,
			);
		};
/* End PBXProject section */

/* Begin PBXResourcesBuildPhase section */
		57D1E5F01CFED25900BEDFF6 /* Resources */ = {
			isa = PBXResourcesBuildPhase;
			buildActionMask = 2147483647;
			files = (
				345565121D10EF1300B6E562 /* Localizable.strings in Resources */,
				57D1E6021CFED25900BEDFF6 /* Assets.xcassets in Resources */,
				57D1E6001CFED25900BEDFF6 /* Main.storyboard in Resources */,
			);
			runOnlyForDeploymentPostprocessing = 0;
		};
/* End PBXResourcesBuildPhase section */

/* Begin PBXShellScriptBuildPhase section */
		298919F2D9624DB9F7ABADEA /* Copy Pods Resources */ = {
			isa = PBXShellScriptBuildPhase;
			buildActionMask = 2147483647;
			files = (
			);
			inputPaths = (
			);
			name = "Copy Pods Resources";
			outputPaths = (
			);
			runOnlyForDeploymentPostprocessing = 0;
			shellPath = /bin/sh;
			shellScript = "\"${SRCROOT}/Pods/Target Support Files/Pods/Pods-resources.sh\"\n";
			showEnvVarsInLog = 0;
		};
		42EE8E90881992B47C1B88C9 /* Check Pods Manifest.lock */ = {
			isa = PBXShellScriptBuildPhase;
			buildActionMask = 2147483647;
			files = (
			);
			inputPaths = (
			);
			name = "Check Pods Manifest.lock";
			outputPaths = (
			);
			runOnlyForDeploymentPostprocessing = 0;
			shellPath = /bin/sh;
			shellScript = "diff \"${PODS_ROOT}/../Podfile.lock\" \"${PODS_ROOT}/Manifest.lock\" > /dev/null\nif [[ $? != 0 ]] ; then\n    cat << EOM\nerror: The sandbox is not in sync with the Podfile.lock. Run 'pod install' or update your CocoaPods installation.\nEOM\n    exit 1\nfi\n";
			showEnvVarsInLog = 0;
		};
		4EEC1E1A2513003E201CD1BC /* Embed Pods Frameworks */ = {
			isa = PBXShellScriptBuildPhase;
			buildActionMask = 2147483647;
			files = (
			);
			inputPaths = (
			);
			name = "Embed Pods Frameworks";
			outputPaths = (
			);
			runOnlyForDeploymentPostprocessing = 0;
			shellPath = /bin/sh;
			shellScript = "\"${SRCROOT}/Pods/Target Support Files/Pods/Pods-frameworks.sh\"\n";
			showEnvVarsInLog = 0;
		};
/* End PBXShellScriptBuildPhase section */

/* Begin PBXSourcesBuildPhase section */
		57D1E5EE1CFED25900BEDFF6 /* Sources */ = {
			isa = PBXSourcesBuildPhase;
			buildActionMask = 2147483647;
			files = (
				345565181D10F10700B6E562 /* AppDelegate+Launcher.m in Sources */,
				3455651E1D10F14800B6E562 /* AppDelegate+Sephone.m in Sources */,
				3455651B1D10F13200B6E562 /* AppDelegate+ShareSDK.m in Sources */,
				7DD7D1D11D0FE21B0002CD2E /* AppDelegate.m in Sources */,
				57D1E5F71CFED25900BEDFF6 /* main.m in Sources */,
			);
			runOnlyForDeploymentPostprocessing = 0;
		};
/* End PBXSourcesBuildPhase section */

/* Begin PBXVariantGroup section */
		57D1E5FE1CFED25900BEDFF6 /* Main.storyboard */ = {
			isa = PBXVariantGroup;
			children = (
				57D1E5FF1CFED25900BEDFF6 /* Base */,
			);
			name = Main.storyboard;
			sourceTree = "<group>";
		};
/* End PBXVariantGroup section */

/* Begin XCBuildConfiguration section */
		57D1E6071CFED25900BEDFF6 /* Debug */ = {
			isa = XCBuildConfiguration;
			buildSettings = {
				ALWAYS_SEARCH_USER_PATHS = NO;
				CLANG_ANALYZER_NONNULL = YES;
				CLANG_CXX_LANGUAGE_STANDARD = "gnu++0x";
				CLANG_CXX_LIBRARY = "libc++";
				CLANG_ENABLE_MODULES = YES;
				CLANG_ENABLE_OBJC_ARC = YES;
				CLANG_WARN_BOOL_CONVERSION = YES;
				CLANG_WARN_CONSTANT_CONVERSION = YES;
				CLANG_WARN_DIRECT_OBJC_ISA_USAGE = YES_ERROR;
				CLANG_WARN_EMPTY_BODY = YES;
				CLANG_WARN_ENUM_CONVERSION = YES;
				CLANG_WARN_INT_CONVERSION = YES;
				CLANG_WARN_OBJC_ROOT_CLASS = YES_ERROR;
				CLANG_WARN_UNREACHABLE_CODE = YES;
				CLANG_WARN__DUPLICATE_METHOD_MATCH = YES;
				"CODE_SIGN_IDENTITY[sdk=iphoneos*]" = "iPhone Developer";
				COPY_PHASE_STRIP = NO;
				DEBUG_INFORMATION_FORMAT = dwarf;
				ENABLE_STRICT_OBJC_MSGSEND = YES;
				ENABLE_TESTABILITY = YES;
				GCC_C_LANGUAGE_STANDARD = gnu99;
				GCC_DYNAMIC_NO_PIC = NO;
				GCC_NO_COMMON_BLOCKS = YES;
				GCC_OPTIMIZATION_LEVEL = 0;
				GCC_PREPROCESSOR_DEFINITIONS = (
					"DEBUG=1",
					"$(inherited)",
				);
				GCC_WARN_64_TO_32_BIT_CONVERSION = YES;
				GCC_WARN_ABOUT_RETURN_TYPE = YES_ERROR;
				GCC_WARN_UNDECLARED_SELECTOR = YES;
				GCC_WARN_UNINITIALIZED_AUTOS = YES_AGGRESSIVE;
				GCC_WARN_UNUSED_FUNCTION = YES;
				GCC_WARN_UNUSED_VARIABLE = YES;
				IPHONEOS_DEPLOYMENT_TARGET = 9.3;
				MTL_ENABLE_DEBUG_INFO = YES;
				ONLY_ACTIVE_ARCH = YES;
				SDKROOT = iphoneos;
			};
			name = Debug;
		};
		57D1E6081CFED25900BEDFF6 /* Release */ = {
			isa = XCBuildConfiguration;
			buildSettings = {
				ALWAYS_SEARCH_USER_PATHS = NO;
				CLANG_ANALYZER_NONNULL = YES;
				CLANG_CXX_LANGUAGE_STANDARD = "gnu++0x";
				CLANG_CXX_LIBRARY = "libc++";
				CLANG_ENABLE_MODULES = YES;
				CLANG_ENABLE_OBJC_ARC = YES;
				CLANG_WARN_BOOL_CONVERSION = YES;
				CLANG_WARN_CONSTANT_CONVERSION = YES;
				CLANG_WARN_DIRECT_OBJC_ISA_USAGE = YES_ERROR;
				CLANG_WARN_EMPTY_BODY = YES;
				CLANG_WARN_ENUM_CONVERSION = YES;
				CLANG_WARN_INT_CONVERSION = YES;
				CLANG_WARN_OBJC_ROOT_CLASS = YES_ERROR;
				CLANG_WARN_UNREACHABLE_CODE = YES;
				CLANG_WARN__DUPLICATE_METHOD_MATCH = YES;
				"CODE_SIGN_IDENTITY[sdk=iphoneos*]" = "iPhone Developer";
				COPY_PHASE_STRIP = NO;
				DEBUG_INFORMATION_FORMAT = "dwarf-with-dsym";
				ENABLE_NS_ASSERTIONS = NO;
				ENABLE_STRICT_OBJC_MSGSEND = YES;
				GCC_C_LANGUAGE_STANDARD = gnu99;
				GCC_NO_COMMON_BLOCKS = YES;
				GCC_WARN_64_TO_32_BIT_CONVERSION = YES;
				GCC_WARN_ABOUT_RETURN_TYPE = YES_ERROR;
				GCC_WARN_UNDECLARED_SELECTOR = YES;
				GCC_WARN_UNINITIALIZED_AUTOS = YES_AGGRESSIVE;
				GCC_WARN_UNUSED_FUNCTION = YES;
				GCC_WARN_UNUSED_VARIABLE = YES;
				IPHONEOS_DEPLOYMENT_TARGET = 9.3;
				MTL_ENABLE_DEBUG_INFO = NO;
				SDKROOT = iphoneos;
				VALIDATE_PRODUCT = YES;
			};
			name = Release;
		};
		57D1E60A1CFED25900BEDFF6 /* Debug */ = {
			isa = XCBuildConfiguration;
			baseConfigurationReference = 0C7D6F536A9CD3F96AA3AF20 /* Pods.debug.xcconfig */;
			buildSettings = {
				ASSETCATALOG_COMPILER_APPICON_NAME = AppIcon;
				INFOPLIST_FILE = sebot/Info.plist;
				IPHONEOS_DEPLOYMENT_TARGET = 8.0;
				LD_RUNPATH_SEARCH_PATHS = "$(inherited) @executable_path/Frameworks";
				PRODUCT_BUNDLE_IDENTIFIER = com.sego.sebot;
				PRODUCT_NAME = "$(TARGET_NAME)";
			};
			name = Debug;
		};
		57D1E60B1CFED25900BEDFF6 /* Release */ = {
			isa = XCBuildConfiguration;
			baseConfigurationReference = 8FD84F7D3505BA6C0FF1433D /* Pods.release.xcconfig */;
			buildSettings = {
				ASSETCATALOG_COMPILER_APPICON_NAME = AppIcon;
				INFOPLIST_FILE = sebot/Info.plist;
				IPHONEOS_DEPLOYMENT_TARGET = 8.0;
				LD_RUNPATH_SEARCH_PATHS = "$(inherited) @executable_path/Frameworks";
				PRODUCT_BUNDLE_IDENTIFIER = com.sego.sebot;
				PRODUCT_NAME = "$(TARGET_NAME)";
			};
			name = Release;
		};
/* End XCBuildConfiguration section */

/* Begin XCConfigurationList section */
		57D1E5ED1CFED25900BEDFF6 /* Build configuration list for PBXProject "sebot" */ = {
			isa = XCConfigurationList;
			buildConfigurations = (
				57D1E6071CFED25900BEDFF6 /* Debug */,
				57D1E6081CFED25900BEDFF6 /* Release */,
			);
			defaultConfigurationIsVisible = 0;
			defaultConfigurationName = Release;
		};
		57D1E6091CFED25900BEDFF6 /* Build configuration list for PBXNativeTarget "sebot" */ = {
			isa = XCConfigurationList;
			buildConfigurations = (
				57D1E60A1CFED25900BEDFF6 /* Debug */,
				57D1E60B1CFED25900BEDFF6 /* Release */,
			);
			defaultConfigurationIsVisible = 0;
			defaultConfigurationName = Release;
		};
/* End XCConfigurationList section */
	};
	rootObject = 57D1E5EA1CFED25900BEDFF6 /* Project object */;
}
