// !$*UTF8*$!
{
	archiveVersion = 1;
	classes = {
	};
	objectVersion = 46;
	objects = {

/* Begin PBXBuildFile section */
		345565121D10EF1300B6E562 /* Localizable.strings in Resources */ = {isa = PBXBuildFile; fileRef = 345565111D10EF1300B6E562 /* Localizable.strings */; };
		345565181D10F10700B6E562 /* AppDelegate+Launcher.m in Sources */ = {isa = PBXBuildFile; fileRef = 345565171D10F10700B6E562 /* AppDelegate+Launcher.m */; };
		3455651B1D10F13200B6E562 /* AppDelegate+ShareSDK.m in Sources */ = {isa = PBXBuildFile; fileRef = 3455651A1D10F13200B6E562 /* AppDelegate+ShareSDK.m */; };
		3455651E1D10F14800B6E562 /* AppDelegate+Sephone.m in Sources */ = {isa = PBXBuildFile; fileRef = 3455651D1D10F14800B6E562 /* AppDelegate+Sephone.m */; };
		345565331D10F8A600B6E562 /* AppUtil.m in Sources */ = {isa = PBXBuildFile; fileRef = 345565301D10F8A600B6E562 /* AppUtil.m */; };
		345565341D10F8A600B6E562 /* Reachability.m in Sources */ = {isa = PBXBuildFile; fileRef = 345565321D10F8A600B6E562 /* Reachability.m */; };
		345565361D10F90000B6E562 /* CoreGraphics.framework in Frameworks */ = {isa = PBXBuildFile; fileRef = 345565351D10F8FF00B6E562 /* CoreGraphics.framework */; };
		345565381D10F9B200B6E562 /* UIKit.framework in Frameworks */ = {isa = PBXBuildFile; fileRef = 345565371D10F9B200B6E562 /* UIKit.framework */; };
		3455653A1D10F9B900B6E562 /* AVFoundation.framework in Frameworks */ = {isa = PBXBuildFile; fileRef = 345565391D10F9B900B6E562 /* AVFoundation.framework */; };
		3455653F1D10FE3E00B6E562 /* NSString+URLEncoding.m in Sources */ = {isa = PBXBuildFile; fileRef = 3455653C1D10FE3E00B6E562 /* NSString+URLEncoding.m */; };
		345565401D10FE3E00B6E562 /* QFTableView.m in Sources */ = {isa = PBXBuildFile; fileRef = 3455653E1D10FE3E00B6E562 /* QFTableView.m */; };
		3455654D1D10FE4800B6E562 /* UIActionSheet+Blocks.m in Sources */ = {isa = PBXBuildFile; fileRef = 345565431D10FE4800B6E562 /* UIActionSheet+Blocks.m */; };
		3455654E1D10FE4800B6E562 /* UIAlertView+Blocks.m in Sources */ = {isa = PBXBuildFile; fileRef = 345565461D10FE4800B6E562 /* UIAlertView+Blocks.m */; };
		3455654F1D10FE4800B6E562 /* UIButton+Blocks.m in Sources */ = {isa = PBXBuildFile; fileRef = 345565491D10FE4800B6E562 /* UIButton+Blocks.m */; };
		345565501D10FE4800B6E562 /* UIImage-Extensions.m in Sources */ = {isa = PBXBuildFile; fileRef = 3455654C1D10FE4800B6E562 /* UIImage-Extensions.m */; };
		345565531D10FE5C00B6E562 /* UIViewController+HUD.m in Sources */ = {isa = PBXBuildFile; fileRef = 345565521D10FE5C00B6E562 /* UIViewController+HUD.m */; };
		345565561D10FE6400B6E562 /* UIView+Sizes.m in Sources */ = {isa = PBXBuildFile; fileRef = 345565551D10FE6400B6E562 /* UIView+Sizes.m */; };
		3455655A1D10FE6C00B6E562 /* UIView+TapBlocks.m in Sources */ = {isa = PBXBuildFile; fileRef = 345565591D10FE6C00B6E562 /* UIView+TapBlocks.m */; };
		345565601D10FF0700B6E562 /* UITableView+SDAutoTableViewCellHeight.m in Sources */ = {isa = PBXBuildFile; fileRef = 3455655D1D10FF0700B6E562 /* UITableView+SDAutoTableViewCellHeight.m */; };
		345565611D10FF0700B6E562 /* UIView+SDAutoLayout.m in Sources */ = {isa = PBXBuildFile; fileRef = 3455655F1D10FF0700B6E562 /* UIView+SDAutoLayout.m */; };
		345565681D10FFED00B6E562 /* AccountManager.m in Sources */ = {isa = PBXBuildFile; fileRef = 345565671D10FFED00B6E562 /* AccountManager.m */; };
		3455656B1D11008300B6E562 /* BaseModel.m in Sources */ = {isa = PBXBuildFile; fileRef = 3455656A1D11008300B6E562 /* BaseModel.m */; };
		345565741D1134E500B6E562 /* MainTabViewController.m in Sources */ = {isa = PBXBuildFile; fileRef = 345565731D1134E500B6E562 /* MainTabViewController.m */; };
		3455657A1D11371800B6E562 /* MydeviceViewcontroller.m in Sources */ = {isa = PBXBuildFile; fileRef = 345565791D11371800B6E562 /* MydeviceViewcontroller.m */; };
		3455657D1D11374500B6E562 /* PersonCenterViewcontroller.m in Sources */ = {isa = PBXBuildFile; fileRef = 3455657C1D11374500B6E562 /* PersonCenterViewcontroller.m */; };
		345565801D11376500B6E562 /* FamilySpaceViewcontroller.m in Sources */ = {isa = PBXBuildFile; fileRef = 3455657F1D11376500B6E562 /* FamilySpaceViewcontroller.m */; };
		345565831D1139F200B6E562 /* LoginViewController.m in Sources */ = {isa = PBXBuildFile; fileRef = 345565821D1139F200B6E562 /* LoginViewController.m */; };
		345565861D113A7900B6E562 /* PopStartView.m in Sources */ = {isa = PBXBuildFile; fileRef = 345565851D113A7900B6E562 /* PopStartView.m */; };
		345565891D113B5A00B6E562 /* ViewController.m in Sources */ = {isa = PBXBuildFile; fileRef = 345565881D113B5A00B6E562 /* ViewController.m */; };
		57D1E5F71CFED25900BEDFF6 /* main.m in Sources */ = {isa = PBXBuildFile; fileRef = 57D1E5F61CFED25900BEDFF6 /* main.m */; };
		57D1E6001CFED25900BEDFF6 /* Main.storyboard in Resources */ = {isa = PBXBuildFile; fileRef = 57D1E5FE1CFED25900BEDFF6 /* Main.storyboard */; };
		57D1E6021CFED25900BEDFF6 /* Assets.xcassets in Resources */ = {isa = PBXBuildFile; fileRef = 57D1E6011CFED25900BEDFF6 /* Assets.xcassets */; };
		7DD7D1D11D0FE21B0002CD2E /* AppDelegate.m in Sources */ = {isa = PBXBuildFile; fileRef = 7DD7D1D01D0FE21B0002CD2E /* AppDelegate.m */; };
		CEB33C3D282E7125878CD13F /* libPods.a in Frameworks */ = {isa = PBXBuildFile; fileRef = 47642F05A36B917D69532A10 /* libPods.a */; };
/* End PBXBuildFile section */

/* Begin PBXFileReference section */
		0C7D6F536A9CD3F96AA3AF20 /* Pods.debug.xcconfig */ = {isa = PBXFileReference; includeInIndex = 1; lastKnownFileType = text.xcconfig; name = Pods.debug.xcconfig; path = "Pods/Target Support Files/Pods/Pods.debug.xcconfig"; sourceTree = "<group>"; };
		345565111D10EF1300B6E562 /* Localizable.strings */ = {isa = PBXFileReference; fileEncoding = 4; lastKnownFileType = text.plist.strings; path = Localizable.strings; sourceTree = "<group>"; };
		345565151D10F06700B6E562 /* PrefixHeader.pch */ = {isa = PBXFileReference; lastKnownFileType = sourcecode.c.h; path = PrefixHeader.pch; sourceTree = "<group>"; };
		345565161D10F10700B6E562 /* AppDelegate+Launcher.h */ = {isa = PBXFileReference; fileEncoding = 4; lastKnownFileType = sourcecode.c.h; path = "AppDelegate+Launcher.h"; sourceTree = "<group>"; };
		345565171D10F10700B6E562 /* AppDelegate+Launcher.m */ = {isa = PBXFileReference; fileEncoding = 4; lastKnownFileType = sourcecode.c.objc; path = "AppDelegate+Launcher.m"; sourceTree = "<group>"; };
		345565191D10F13200B6E562 /* AppDelegate+ShareSDK.h */ = {isa = PBXFileReference; fileEncoding = 4; lastKnownFileType = sourcecode.c.h; path = "AppDelegate+ShareSDK.h"; sourceTree = "<group>"; };
		3455651A1D10F13200B6E562 /* AppDelegate+ShareSDK.m */ = {isa = PBXFileReference; fileEncoding = 4; lastKnownFileType = sourcecode.c.objc; path = "AppDelegate+ShareSDK.m"; sourceTree = "<group>"; };
		3455651C1D10F14800B6E562 /* AppDelegate+Sephone.h */ = {isa = PBXFileReference; fileEncoding = 4; lastKnownFileType = sourcecode.c.h; path = "AppDelegate+Sephone.h"; sourceTree = "<group>"; };
		3455651D1D10F14800B6E562 /* AppDelegate+Sephone.m */ = {isa = PBXFileReference; fileEncoding = 4; lastKnownFileType = sourcecode.c.objc; path = "AppDelegate+Sephone.m"; sourceTree = "<group>"; };
		3455652D1D10F7E600B6E562 /* Definition.h */ = {isa = PBXFileReference; lastKnownFileType = sourcecode.c.h; path = Definition.h; sourceTree = "<group>"; };
		3455652E1D10F81C00B6E562 /* Notification.h */ = {isa = PBXFileReference; lastKnownFileType = sourcecode.c.h; path = Notification.h; sourceTree = "<group>"; };
		3455652F1D10F8A600B6E562 /* AppUtil.h */ = {isa = PBXFileReference; fileEncoding = 4; lastKnownFileType = sourcecode.c.h; path = AppUtil.h; sourceTree = "<group>"; };
		345565301D10F8A600B6E562 /* AppUtil.m */ = {isa = PBXFileReference; fileEncoding = 4; lastKnownFileType = sourcecode.c.objc; path = AppUtil.m; sourceTree = "<group>"; };
		345565311D10F8A600B6E562 /* Reachability.h */ = {isa = PBXFileReference; fileEncoding = 4; lastKnownFileType = sourcecode.c.h; path = Reachability.h; sourceTree = "<group>"; };
		345565321D10F8A600B6E562 /* Reachability.m */ = {isa = PBXFileReference; fileEncoding = 4; lastKnownFileType = sourcecode.c.objc; path = Reachability.m; sourceTree = "<group>"; };
		345565351D10F8FF00B6E562 /* CoreGraphics.framework */ = {isa = PBXFileReference; lastKnownFileType = wrapper.framework; name = CoreGraphics.framework; path = System/Library/Frameworks/CoreGraphics.framework; sourceTree = SDKROOT; };
		345565371D10F9B200B6E562 /* UIKit.framework */ = {isa = PBXFileReference; lastKnownFileType = wrapper.framework; name = UIKit.framework; path = System/Library/Frameworks/UIKit.framework; sourceTree = SDKROOT; };
		345565391D10F9B900B6E562 /* AVFoundation.framework */ = {isa = PBXFileReference; lastKnownFileType = wrapper.framework; name = AVFoundation.framework; path = System/Library/Frameworks/AVFoundation.framework; sourceTree = SDKROOT; };
		3455653B1D10FE3E00B6E562 /* NSString+URLEncoding.h */ = {isa = PBXFileReference; fileEncoding = 4; lastKnownFileType = sourcecode.c.h; path = "NSString+URLEncoding.h"; sourceTree = "<group>"; };
		3455653C1D10FE3E00B6E562 /* NSString+URLEncoding.m */ = {isa = PBXFileReference; fileEncoding = 4; lastKnownFileType = sourcecode.c.objc; path = "NSString+URLEncoding.m"; sourceTree = "<group>"; };
		3455653D1D10FE3E00B6E562 /* QFTableView.h */ = {isa = PBXFileReference; fileEncoding = 4; lastKnownFileType = sourcecode.c.h; path = QFTableView.h; sourceTree = "<group>"; };
		3455653E1D10FE3E00B6E562 /* QFTableView.m */ = {isa = PBXFileReference; fileEncoding = 4; lastKnownFileType = sourcecode.c.objc; path = QFTableView.m; sourceTree = "<group>"; };
		345565421D10FE4800B6E562 /* UIActionSheet+Blocks.h */ = {isa = PBXFileReference; fileEncoding = 4; lastKnownFileType = sourcecode.c.h; path = "UIActionSheet+Blocks.h"; sourceTree = "<group>"; };
		345565431D10FE4800B6E562 /* UIActionSheet+Blocks.m */ = {isa = PBXFileReference; fileEncoding = 4; lastKnownFileType = sourcecode.c.objc; path = "UIActionSheet+Blocks.m"; sourceTree = "<group>"; };
		345565451D10FE4800B6E562 /* UIAlertView+Blocks.h */ = {isa = PBXFileReference; fileEncoding = 4; lastKnownFileType = sourcecode.c.h; path = "UIAlertView+Blocks.h"; sourceTree = "<group>"; };
		345565461D10FE4800B6E562 /* UIAlertView+Blocks.m */ = {isa = PBXFileReference; fileEncoding = 4; lastKnownFileType = sourcecode.c.objc; path = "UIAlertView+Blocks.m"; sourceTree = "<group>"; };
		345565481D10FE4800B6E562 /* UIButton+Blocks.h */ = {isa = PBXFileReference; fileEncoding = 4; lastKnownFileType = sourcecode.c.h; path = "UIButton+Blocks.h"; sourceTree = "<group>"; };
		345565491D10FE4800B6E562 /* UIButton+Blocks.m */ = {isa = PBXFileReference; fileEncoding = 4; lastKnownFileType = sourcecode.c.objc; path = "UIButton+Blocks.m"; sourceTree = "<group>"; };
		3455654B1D10FE4800B6E562 /* UIImage-Extensions.h */ = {isa = PBXFileReference; fileEncoding = 4; lastKnownFileType = sourcecode.c.h; path = "UIImage-Extensions.h"; sourceTree = "<group>"; };
		3455654C1D10FE4800B6E562 /* UIImage-Extensions.m */ = {isa = PBXFileReference; fileEncoding = 4; lastKnownFileType = sourcecode.c.objc; path = "UIImage-Extensions.m"; sourceTree = "<group>"; };
		345565511D10FE5C00B6E562 /* UIViewController+HUD.h */ = {isa = PBXFileReference; fileEncoding = 4; lastKnownFileType = sourcecode.c.h; path = "UIViewController+HUD.h"; sourceTree = "<group>"; };
		345565521D10FE5C00B6E562 /* UIViewController+HUD.m */ = {isa = PBXFileReference; fileEncoding = 4; lastKnownFileType = sourcecode.c.objc; path = "UIViewController+HUD.m"; sourceTree = "<group>"; };
		345565541D10FE6400B6E562 /* UIView+Sizes.h */ = {isa = PBXFileReference; fileEncoding = 4; lastKnownFileType = sourcecode.c.h; path = "UIView+Sizes.h"; sourceTree = "<group>"; };
		345565551D10FE6400B6E562 /* UIView+Sizes.m */ = {isa = PBXFileReference; fileEncoding = 4; lastKnownFileType = sourcecode.c.objc; path = "UIView+Sizes.m"; sourceTree = "<group>"; };
		345565581D10FE6C00B6E562 /* UIView+TapBlocks.h */ = {isa = PBXFileReference; fileEncoding = 4; lastKnownFileType = sourcecode.c.h; path = "UIView+TapBlocks.h"; sourceTree = "<group>"; };
		345565591D10FE6C00B6E562 /* UIView+TapBlocks.m */ = {isa = PBXFileReference; fileEncoding = 4; lastKnownFileType = sourcecode.c.objc; path = "UIView+TapBlocks.m"; sourceTree = "<group>"; };
		3455655C1D10FF0700B6E562 /* UITableView+SDAutoTableViewCellHeight.h */ = {isa = PBXFileReference; fileEncoding = 4; lastKnownFileType = sourcecode.c.h; path = "UITableView+SDAutoTableViewCellHeight.h"; sourceTree = "<group>"; };
		3455655D1D10FF0700B6E562 /* UITableView+SDAutoTableViewCellHeight.m */ = {isa = PBXFileReference; fileEncoding = 4; lastKnownFileType = sourcecode.c.objc; path = "UITableView+SDAutoTableViewCellHeight.m"; sourceTree = "<group>"; };
		3455655E1D10FF0700B6E562 /* UIView+SDAutoLayout.h */ = {isa = PBXFileReference; fileEncoding = 4; lastKnownFileType = sourcecode.c.h; path = "UIView+SDAutoLayout.h"; sourceTree = "<group>"; };
		3455655F1D10FF0700B6E562 /* UIView+SDAutoLayout.m */ = {isa = PBXFileReference; fileEncoding = 4; lastKnownFileType = sourcecode.c.objc; path = "UIView+SDAutoLayout.m"; sourceTree = "<group>"; };
		345565661D10FFED00B6E562 /* AccountManager.h */ = {isa = PBXFileReference; fileEncoding = 4; lastKnownFileType = sourcecode.c.h; path = AccountManager.h; sourceTree = "<group>"; };
		345565671D10FFED00B6E562 /* AccountManager.m */ = {isa = PBXFileReference; fileEncoding = 4; lastKnownFileType = sourcecode.c.objc; path = AccountManager.m; sourceTree = "<group>"; };
		345565691D11008300B6E562 /* BaseModel.h */ = {isa = PBXFileReference; fileEncoding = 4; lastKnownFileType = sourcecode.c.h; path = BaseModel.h; sourceTree = "<group>"; };
		3455656A1D11008300B6E562 /* BaseModel.m */ = {isa = PBXFileReference; fileEncoding = 4; lastKnownFileType = sourcecode.c.objc; path = BaseModel.m; sourceTree = "<group>"; };
		345565721D1134E500B6E562 /* MainTabViewController.h */ = {isa = PBXFileReference; fileEncoding = 4; lastKnownFileType = sourcecode.c.h; path = MainTabViewController.h; sourceTree = "<group>"; };
		345565731D1134E500B6E562 /* MainTabViewController.m */ = {isa = PBXFileReference; fileEncoding = 4; lastKnownFileType = sourcecode.c.objc; path = MainTabViewController.m; sourceTree = "<group>"; };
		345565781D11371800B6E562 /* MydeviceViewcontroller.h */ = {isa = PBXFileReference; fileEncoding = 4; lastKnownFileType = sourcecode.c.h; path = MydeviceViewcontroller.h; sourceTree = "<group>"; };
		345565791D11371800B6E562 /* MydeviceViewcontroller.m */ = {isa = PBXFileReference; fileEncoding = 4; lastKnownFileType = sourcecode.c.objc; path = MydeviceViewcontroller.m; sourceTree = "<group>"; };
		3455657B1D11374500B6E562 /* PersonCenterViewcontroller.h */ = {isa = PBXFileReference; fileEncoding = 4; lastKnownFileType = sourcecode.c.h; path = PersonCenterViewcontroller.h; sourceTree = "<group>"; };
		3455657C1D11374500B6E562 /* PersonCenterViewcontroller.m */ = {isa = PBXFileReference; fileEncoding = 4; lastKnownFileType = sourcecode.c.objc; path = PersonCenterViewcontroller.m; sourceTree = "<group>"; };
		3455657E1D11376500B6E562 /* FamilySpaceViewcontroller.h */ = {isa = PBXFileReference; fileEncoding = 4; lastKnownFileType = sourcecode.c.h; path = FamilySpaceViewcontroller.h; sourceTree = "<group>"; };
		3455657F1D11376500B6E562 /* FamilySpaceViewcontroller.m */ = {isa = PBXFileReference; fileEncoding = 4; lastKnownFileType = sourcecode.c.objc; path = FamilySpaceViewcontroller.m; sourceTree = "<group>"; };
		345565811D1139F200B6E562 /* LoginViewController.h */ = {isa = PBXFileReference; fileEncoding = 4; lastKnownFileType = sourcecode.c.h; path = LoginViewController.h; sourceTree = "<group>"; };
		345565821D1139F200B6E562 /* LoginViewController.m */ = {isa = PBXFileReference; fileEncoding = 4; lastKnownFileType = sourcecode.c.objc; path = LoginViewController.m; sourceTree = "<group>"; };
		345565841D113A7900B6E562 /* PopStartView.h */ = {isa = PBXFileReference; fileEncoding = 4; lastKnownFileType = sourcecode.c.h; path = PopStartView.h; sourceTree = "<group>"; };
		345565851D113A7900B6E562 /* PopStartView.m */ = {isa = PBXFileReference; fileEncoding = 4; lastKnownFileType = sourcecode.c.objc; path = PopStartView.m; sourceTree = "<group>"; };
		345565871D113B5A00B6E562 /* ViewController.h */ = {isa = PBXFileReference; fileEncoding = 4; lastKnownFileType = sourcecode.c.h; path = ViewController.h; sourceTree = "<group>"; };
		345565881D113B5A00B6E562 /* ViewController.m */ = {isa = PBXFileReference; fileEncoding = 4; lastKnownFileType = sourcecode.c.objc; path = ViewController.m; sourceTree = "<group>"; };
		47642F05A36B917D69532A10 /* libPods.a */ = {isa = PBXFileReference; explicitFileType = archive.ar; includeInIndex = 0; path = libPods.a; sourceTree = BUILT_PRODUCTS_DIR; };
		57D1E5F21CFED25900BEDFF6 /* sebot.app */ = {isa = PBXFileReference; explicitFileType = wrapper.application; includeInIndex = 0; path = sebot.app; sourceTree = BUILT_PRODUCTS_DIR; };
		57D1E5F61CFED25900BEDFF6 /* main.m */ = {isa = PBXFileReference; lastKnownFileType = sourcecode.c.objc; path = main.m; sourceTree = "<group>"; };
		57D1E5FF1CFED25900BEDFF6 /* Base */ = {isa = PBXFileReference; lastKnownFileType = file.storyboard; name = Base; path = Base.lproj/Main.storyboard; sourceTree = "<group>"; };
		57D1E6011CFED25900BEDFF6 /* Assets.xcassets */ = {isa = PBXFileReference; lastKnownFileType = folder.assetcatalog; path = Assets.xcassets; sourceTree = "<group>"; };
		57D1E6061CFED25900BEDFF6 /* Info.plist */ = {isa = PBXFileReference; lastKnownFileType = text.plist.xml; path = Info.plist; sourceTree = "<group>"; };
		7DD7D1CF1D0FE21B0002CD2E /* AppDelegate.h */ = {isa = PBXFileReference; fileEncoding = 4; lastKnownFileType = sourcecode.c.h; path = AppDelegate.h; sourceTree = "<group>"; };
		7DD7D1D01D0FE21B0002CD2E /* AppDelegate.m */ = {isa = PBXFileReference; fileEncoding = 4; lastKnownFileType = sourcecode.c.objc; path = AppDelegate.m; sourceTree = "<group>"; };
		8FD84F7D3505BA6C0FF1433D /* Pods.release.xcconfig */ = {isa = PBXFileReference; includeInIndex = 1; lastKnownFileType = text.xcconfig; name = Pods.release.xcconfig; path = "Pods/Target Support Files/Pods/Pods.release.xcconfig"; sourceTree = "<group>"; };
/* End PBXFileReference section */

/* Begin PBXFrameworksBuildPhase section */
		57D1E5EF1CFED25900BEDFF6 /* Frameworks */ = {
			isa = PBXFrameworksBuildPhase;
			buildActionMask = 2147483647;
			files = (
				3455653A1D10F9B900B6E562 /* AVFoundation.framework in Frameworks */,
				345565381D10F9B200B6E562 /* UIKit.framework in Frameworks */,
				345565361D10F90000B6E562 /* CoreGraphics.framework in Frameworks */,
				CEB33C3D282E7125878CD13F /* libPods.a in Frameworks */,
			);
			runOnlyForDeploymentPostprocessing = 0;
		};
/* End PBXFrameworksBuildPhase section */

/* Begin PBXGroup section */
		3455650E1D10EDC800B6E562 /* Resources */ = {
			isa = PBXGroup;
			children = (
				3455650F1D10EDC800B6E562 /* Images */,
				345565101D10EDC800B6E562 /* Strings */,
			);
			path = Resources;
			sourceTree = "<group>";
		};
		3455650F1D10EDC800B6E562 /* Images */ = {
			isa = PBXGroup;
			children = (
			);
			path = Images;
			sourceTree = "<group>";
		};
		345565101D10EDC800B6E562 /* Strings */ = {
			isa = PBXGroup;
			children = (
				345565111D10EF1300B6E562 /* Localizable.strings */,
			);
			path = Strings;
			sourceTree = "<group>";
		};
		3455651F1D10F3B700B6E562 /* Common */ = {
			isa = PBXGroup;
			children = (
				3455652C1D10F78200B6E562 /* Macro */,
				3455652B1D10F75900B6E562 /* Categories */,
				3455652A1D10F73100B6E562 /* Utils */,
			);
			path = Common;
			sourceTree = "<group>";
		};
		345565201D10F3B700B6E562 /* Mangers */ = {
			isa = PBXGroup;
			children = (
				345565651D10FFED00B6E562 /* Account */,
			);
			path = Mangers;
			sourceTree = "<group>";
		};
		345565211D10F3B700B6E562 /* Models */ = {
			isa = PBXGroup;
			children = (
				345565691D11008300B6E562 /* BaseModel.h */,
				3455656A1D11008300B6E562 /* BaseModel.m */,
			);
			path = Models;
			sourceTree = "<group>";
		};
		345565221D10F3B700B6E562 /* Network */ = {
			isa = PBXGroup;
			children = (
			);
			path = Network;
			sourceTree = "<group>";
		};
		345565231D10F3C400B6E562 /* Vendors */ = {
			isa = PBXGroup;
			children = (
				3455655B1D10FF0700B6E562 /* SDAutoLayout */,
			);
			path = Vendors;
			sourceTree = "<group>";
		};
		345565241D10F3C400B6E562 /* ViewControlls */ = {
			isa = PBXGroup;
			children = (
				345565291D10F66E00B6E562 /* InCall */,
				345565281D10F46000B6E562 /* Base */,
				345565261D10F41C00B6E562 /* Login */,
				345565271D10F41C00B6E562 /* MainTab */,
				345565251D10F3C400B6E562 /* Guide */,
			);
			path = ViewControlls;
			sourceTree = "<group>";
		};
		345565251D10F3C400B6E562 /* Guide */ = {
			isa = PBXGroup;
			children = (
				345565841D113A7900B6E562 /* PopStartView.h */,
				345565851D113A7900B6E562 /* PopStartView.m */,
			);
			path = Guide;
			sourceTree = "<group>";
		};
		345565261D10F41C00B6E562 /* Login */ = {
			isa = PBXGroup;
			children = (
				345565811D1139F200B6E562 /* LoginViewController.h */,
				345565821D1139F200B6E562 /* LoginViewController.m */,
			);
			path = Login;
			sourceTree = "<group>";
		};
		345565271D10F41C00B6E562 /* MainTab */ = {
			isa = PBXGroup;
			children = (
				345565761D1136BF00B6E562 /* MyDevice */,
				345565771D1136BF00B6E562 /* PersonCenter */,
				345565751D1136B200B6E562 /* FamilySpace */,
				345565721D1134E500B6E562 /* MainTabViewController.h */,
				345565731D1134E500B6E562 /* MainTabViewController.m */,
			);
			path = MainTab;
			sourceTree = "<group>";
		};
		345565281D10F46000B6E562 /* Base */ = {
			isa = PBXGroup;
			children = (
			);
			path = Base;
			sourceTree = "<group>";
		};
		345565291D10F66E00B6E562 /* InCall */ = {
			isa = PBXGroup;
			children = (
			);
			path = InCall;
			sourceTree = "<group>";
		};
		3455652A1D10F73100B6E562 /* Utils */ = {
			isa = PBXGroup;
			children = (
				3455652F1D10F8A600B6E562 /* AppUtil.h */,
				345565301D10F8A600B6E562 /* AppUtil.m */,
				345565311D10F8A600B6E562 /* Reachability.h */,
				345565321D10F8A600B6E562 /* Reachability.m */,
			);
			path = Utils;
			sourceTree = "<group>";
		};
		3455652B1D10F75900B6E562 /* Categories */ = {
			isa = PBXGroup;
			children = (
				345565571D10FE6C00B6E562 /* UIView+TapBlocks */,
				345565541D10FE6400B6E562 /* UIView+Sizes.h */,
				345565551D10FE6400B6E562 /* UIView+Sizes.m */,
				345565511D10FE5C00B6E562 /* UIViewController+HUD.h */,
				345565521D10FE5C00B6E562 /* UIViewController+HUD.m */,
				3455653B1D10FE3E00B6E562 /* NSString+URLEncoding.h */,
				3455653C1D10FE3E00B6E562 /* NSString+URLEncoding.m */,
				3455653D1D10FE3E00B6E562 /* QFTableView.h */,
				3455653E1D10FE3E00B6E562 /* QFTableView.m */,
				345565411D10FE4800B6E562 /* UIActionSheet+Blocks */,
				345565441D10FE4800B6E562 /* UIAlertView+Blocks */,
				345565471D10FE4800B6E562 /* UIButton+Blocks */,
				3455654A1D10FE4800B6E562 /* UIImage-Extensions */,
			);
			path = Categories;
			sourceTree = "<group>";
		};
		3455652C1D10F78200B6E562 /* Macro */ = {
			isa = PBXGroup;
			children = (
				3455652D1D10F7E600B6E562 /* Definition.h */,
				3455652E1D10F81C00B6E562 /* Notification.h */,
			);
			path = Macro;
			sourceTree = "<group>";
		};
		345565411D10FE4800B6E562 /* UIActionSheet+Blocks */ = {
			isa = PBXGroup;
			children = (
				345565421D10FE4800B6E562 /* UIActionSheet+Blocks.h */,
				345565431D10FE4800B6E562 /* UIActionSheet+Blocks.m */,
			);
			path = "UIActionSheet+Blocks";
			sourceTree = "<group>";
		};
		345565441D10FE4800B6E562 /* UIAlertView+Blocks */ = {
			isa = PBXGroup;
			children = (
				345565451D10FE4800B6E562 /* UIAlertView+Blocks.h */,
				345565461D10FE4800B6E562 /* UIAlertView+Blocks.m */,
			);
			path = "UIAlertView+Blocks";
			sourceTree = "<group>";
		};
		345565471D10FE4800B6E562 /* UIButton+Blocks */ = {
			isa = PBXGroup;
			children = (
				345565481D10FE4800B6E562 /* UIButton+Blocks.h */,
				345565491D10FE4800B6E562 /* UIButton+Blocks.m */,
			);
			path = "UIButton+Blocks";
			sourceTree = "<group>";
		};
		3455654A1D10FE4800B6E562 /* UIImage-Extensions */ = {
			isa = PBXGroup;
			children = (
				3455654B1D10FE4800B6E562 /* UIImage-Extensions.h */,
				3455654C1D10FE4800B6E562 /* UIImage-Extensions.m */,
			);
			path = "UIImage-Extensions";
			sourceTree = "<group>";
		};
		345565571D10FE6C00B6E562 /* UIView+TapBlocks */ = {
			isa = PBXGroup;
			children = (
				345565581D10FE6C00B6E562 /* UIView+TapBlocks.h */,
				345565591D10FE6C00B6E562 /* UIView+TapBlocks.m */,
			);
			path = "UIView+TapBlocks";
			sourceTree = "<group>";
		};
		3455655B1D10FF0700B6E562 /* SDAutoLayout */ = {
			isa = PBXGroup;
			children = (
				3455655C1D10FF0700B6E562 /* UITableView+SDAutoTableViewCellHeight.h */,
				3455655D1D10FF0700B6E562 /* UITableView+SDAutoTableViewCellHeight.m */,
				3455655E1D10FF0700B6E562 /* UIView+SDAutoLayout.h */,
				3455655F1D10FF0700B6E562 /* UIView+SDAutoLayout.m */,
			);
			path = SDAutoLayout;
			sourceTree = "<group>";
		};
		345565651D10FFED00B6E562 /* Account */ = {
			isa = PBXGroup;
			children = (
				345565661D10FFED00B6E562 /* AccountManager.h */,
				345565671D10FFED00B6E562 /* AccountManager.m */,
			);
			path = Account;
			sourceTree = "<group>";
		};
		345565751D1136B200B6E562 /* FamilySpace */ = {
			isa = PBXGroup;
			children = (
				3455657E1D11376500B6E562 /* FamilySpaceViewcontroller.h */,
				3455657F1D11376500B6E562 /* FamilySpaceViewcontroller.m */,
			);
			path = FamilySpace;
			sourceTree = "<group>";
		};
		345565761D1136BF00B6E562 /* MyDevice */ = {
			isa = PBXGroup;
			children = (
				345565781D11371800B6E562 /* MydeviceViewcontroller.h */,
				345565791D11371800B6E562 /* MydeviceViewcontroller.m */,
			);
			path = MyDevice;
			sourceTree = "<group>";
		};
		345565771D1136BF00B6E562 /* PersonCenter */ = {
			isa = PBXGroup;
			children = (
				3455657B1D11374500B6E562 /* PersonCenterViewcontroller.h */,
				3455657C1D11374500B6E562 /* PersonCenterViewcontroller.m */,
			);
			path = PersonCenter;
			sourceTree = "<group>";
		};
		4E791E3A15D0184E81952149 /* Frameworks */ = {
			isa = PBXGroup;
			children = (
				345565391D10F9B900B6E562 /* AVFoundation.framework */,
				345565371D10F9B200B6E562 /* UIKit.framework */,
				345565351D10F8FF00B6E562 /* CoreGraphics.framework */,
				47642F05A36B917D69532A10 /* libPods.a */,
			);
			name = Frameworks;
			sourceTree = "<group>";
		};
		57D1E5E91CFED25900BEDFF6 = {
			isa = PBXGroup;
			children = (
				57D1E5F41CFED25900BEDFF6 /* sebot */,
				57D1E5F31CFED25900BEDFF6 /* Products */,
				F991287EBB6B0770BD64EAFF /* Pods */,
				4E791E3A15D0184E81952149 /* Frameworks */,
			);
			sourceTree = "<group>";
		};
		57D1E5F31CFED25900BEDFF6 /* Products */ = {
			isa = PBXGroup;
			children = (
				57D1E5F21CFED25900BEDFF6 /* sebot.app */,
			);
			name = Products;
			sourceTree = "<group>";
		};
		57D1E5F41CFED25900BEDFF6 /* sebot */ = {
			isa = PBXGroup;
			children = (
				7DD7D1C91D0FDE5A0002CD2E /* Classes */,
				57D1E5FE1CFED25900BEDFF6 /* Main.storyboard */,
				57D1E6011CFED25900BEDFF6 /* Assets.xcassets */,
				57D1E6061CFED25900BEDFF6 /* Info.plist */,
				57D1E5F51CFED25900BEDFF6 /* Supporting Files */,
				345565871D113B5A00B6E562 /* ViewController.h */,
				345565881D113B5A00B6E562 /* ViewController.m */,
			);
			path = sebot;
			sourceTree = "<group>";
		};
		57D1E5F51CFED25900BEDFF6 /* Supporting Files */ = {
			isa = PBXGroup;
			children = (
				57D1E5F61CFED25900BEDFF6 /* main.m */,
				345565151D10F06700B6E562 /* PrefixHeader.pch */,
			);
			name = "Supporting Files";
			sourceTree = "<group>";
		};
		7DD7D1C91D0FDE5A0002CD2E /* Classes */ = {
			isa = PBXGroup;
			children = (
				7DD7D1CE1D0FE21B0002CD2E /* AppDelegate */,
				345565231D10F3C400B6E562 /* Vendors */,
				345565241D10F3C400B6E562 /* ViewControlls */,
				3455651F1D10F3B700B6E562 /* Common */,
				345565201D10F3B700B6E562 /* Mangers */,
				345565211D10F3B700B6E562 /* Models */,
				345565221D10F3B700B6E562 /* Network */,
				3455650E1D10EDC800B6E562 /* Resources */,
			);
			path = Classes;
			sourceTree = "<group>";
		};
		7DD7D1CE1D0FE21B0002CD2E /* AppDelegate */ = {
			isa = PBXGroup;
			children = (
				7DD7D1CF1D0FE21B0002CD2E /* AppDelegate.h */,
				7DD7D1D01D0FE21B0002CD2E /* AppDelegate.m */,
				345565161D10F10700B6E562 /* AppDelegate+Launcher.h */,
				345565171D10F10700B6E562 /* AppDelegate+Launcher.m */,
				345565191D10F13200B6E562 /* AppDelegate+ShareSDK.h */,
				3455651A1D10F13200B6E562 /* AppDelegate+ShareSDK.m */,
				3455651C1D10F14800B6E562 /* AppDelegate+Sephone.h */,
				3455651D1D10F14800B6E562 /* AppDelegate+Sephone.m */,
			);
			path = AppDelegate;
			sourceTree = "<group>";
		};
		F991287EBB6B0770BD64EAFF /* Pods */ = {
			isa = PBXGroup;
			children = (
				0C7D6F536A9CD3F96AA3AF20 /* Pods.debug.xcconfig */,
				8FD84F7D3505BA6C0FF1433D /* Pods.release.xcconfig */,
			);
			name = Pods;
			sourceTree = "<group>";
		};
/* End PBXGroup section */

/* Begin PBXNativeTarget section */
		57D1E5F11CFED25900BEDFF6 /* sebot */ = {
			isa = PBXNativeTarget;
			buildConfigurationList = 57D1E6091CFED25900BEDFF6 /* Build configuration list for PBXNativeTarget "sebot" */;
			buildPhases = (
				42EE8E90881992B47C1B88C9 /* Check Pods Manifest.lock */,
				57D1E5EE1CFED25900BEDFF6 /* Sources */,
				57D1E5EF1CFED25900BEDFF6 /* Frameworks */,
				57D1E5F01CFED25900BEDFF6 /* Resources */,
				4EEC1E1A2513003E201CD1BC /* Embed Pods Frameworks */,
				298919F2D9624DB9F7ABADEA /* Copy Pods Resources */,
			);
			buildRules = (
			);
			dependencies = (
			);
			name = sebot;
			productName = sebot;
			productReference = 57D1E5F21CFED25900BEDFF6 /* sebot.app */;
			productType = "com.apple.product-type.application";
		};
/* End PBXNativeTarget section */

/* Begin PBXProject section */
		57D1E5EA1CFED25900BEDFF6 /* Project object */ = {
			isa = PBXProject;
			attributes = {
				LastUpgradeCheck = 0730;
				ORGANIZATIONNAME = sego;
				TargetAttributes = {
					57D1E5F11CFED25900BEDFF6 = {
						CreatedOnToolsVersion = 7.3;
					};
				};
			};
			buildConfigurationList = 57D1E5ED1CFED25900BEDFF6 /* Build configuration list for PBXProject "sebot" */;
			compatibilityVersion = "Xcode 3.2";
			developmentRegion = English;
			hasScannedForEncodings = 0;
			knownRegions = (
				en,
				Base,
			);
			mainGroup = 57D1E5E91CFED25900BEDFF6;
			productRefGroup = 57D1E5F31CFED25900BEDFF6 /* Products */;
			projectDirPath = "";
			projectRoot = "";
			targets = (
				57D1E5F11CFED25900BEDFF6 /* sebot */,
			);
		};
/* End PBXProject section */

/* Begin PBXResourcesBuildPhase section */
		57D1E5F01CFED25900BEDFF6 /* Resources */ = {
			isa = PBXResourcesBuildPhase;
			buildActionMask = 2147483647;
			files = (
				345565121D10EF1300B6E562 /* Localizable.strings in Resources */,
				57D1E6021CFED25900BEDFF6 /* Assets.xcassets in Resources */,
				57D1E6001CFED25900BEDFF6 /* Main.storyboard in Resources */,
			);
			runOnlyForDeploymentPostprocessing = 0;
		};
/* End PBXResourcesBuildPhase section */

/* Begin PBXShellScriptBuildPhase section */
		298919F2D9624DB9F7ABADEA /* Copy Pods Resources */ = {
			isa = PBXShellScriptBuildPhase;
			buildActionMask = 2147483647;
			files = (
			);
			inputPaths = (
			);
			name = "Copy Pods Resources";
			outputPaths = (
			);
			runOnlyForDeploymentPostprocessing = 0;
			shellPath = /bin/sh;
			shellScript = "\"${SRCROOT}/Pods/Target Support Files/Pods/Pods-resources.sh\"\n";
			showEnvVarsInLog = 0;
		};
		42EE8E90881992B47C1B88C9 /* Check Pods Manifest.lock */ = {
			isa = PBXShellScriptBuildPhase;
			buildActionMask = 2147483647;
			files = (
			);
			inputPaths = (
			);
			name = "Check Pods Manifest.lock";
			outputPaths = (
			);
			runOnlyForDeploymentPostprocessing = 0;
			shellPath = /bin/sh;
			shellScript = "diff \"${PODS_ROOT}/../Podfile.lock\" \"${PODS_ROOT}/Manifest.lock\" > /dev/null\nif [[ $? != 0 ]] ; then\n    cat << EOM\nerror: The sandbox is not in sync with the Podfile.lock. Run 'pod install' or update your CocoaPods installation.\nEOM\n    exit 1\nfi\n";
			showEnvVarsInLog = 0;
		};
		4EEC1E1A2513003E201CD1BC /* Embed Pods Frameworks */ = {
			isa = PBXShellScriptBuildPhase;
			buildActionMask = 2147483647;
			files = (
			);
			inputPaths = (
			);
			name = "Embed Pods Frameworks";
			outputPaths = (
			);
			runOnlyForDeploymentPostprocessing = 0;
			shellPath = /bin/sh;
			shellScript = "\"${SRCROOT}/Pods/Target Support Files/Pods/Pods-frameworks.sh\"\n";
			showEnvVarsInLog = 0;
		};
/* End PBXShellScriptBuildPhase section */

/* Begin PBXSourcesBuildPhase section */
		57D1E5EE1CFED25900BEDFF6 /* Sources */ = {
			isa = PBXSourcesBuildPhase;
			buildActionMask = 2147483647;
			files = (
				345565181D10F10700B6E562 /* AppDelegate+Launcher.m in Sources */,
				3455651E1D10F14800B6E562 /* AppDelegate+Sephone.m in Sources */,
				3455651B1D10F13200B6E562 /* AppDelegate+ShareSDK.m in Sources */,
				345565801D11376500B6E562 /* FamilySpaceViewcontroller.m in Sources */,
				345565831D1139F200B6E562 /* LoginViewController.m in Sources */,
				3455657D1D11374500B6E562 /* PersonCenterViewcontroller.m in Sources */,
				3455656B1D11008300B6E562 /* BaseModel.m in Sources */,
				3455654D1D10FE4800B6E562 /* UIActionSheet+Blocks.m in Sources */,
				3455655A1D10FE6C00B6E562 /* UIView+TapBlocks.m in Sources */,
				345565891D113B5A00B6E562 /* ViewController.m in Sources */,
				3455657A1D11371800B6E562 /* MydeviceViewcontroller.m in Sources */,
				345565341D10F8A600B6E562 /* Reachability.m in Sources */,
				345565401D10FE3E00B6E562 /* QFTableView.m in Sources */,
				3455654E1D10FE4800B6E562 /* UIAlertView+Blocks.m in Sources */,
				3455654F1D10FE4800B6E562 /* UIButton+Blocks.m in Sources */,
				345565601D10FF0700B6E562 /* UITableView+SDAutoTableViewCellHeight.m in Sources */,
				345565681D10FFED00B6E562 /* AccountManager.m in Sources */,
				345565331D10F8A600B6E562 /* AppUtil.m in Sources */,
				345565741D1134E500B6E562 /* MainTabViewController.m in Sources */,
				7DD7D1D11D0FE21B0002CD2E /* AppDelegate.m in Sources */,
				345565861D113A7900B6E562 /* PopStartView.m in Sources */,
				3455653F1D10FE3E00B6E562 /* NSString+URLEncoding.m in Sources */,
				345565501D10FE4800B6E562 /* UIImage-Extensions.m in Sources */,
				345565611D10FF0700B6E562 /* UIView+SDAutoLayout.m in Sources */,
				345565531D10FE5C00B6E562 /* UIViewController+HUD.m in Sources */,
				345565561D10FE6400B6E562 /* UIView+Sizes.m in Sources */,
				57D1E5F71CFED25900BEDFF6 /* main.m in Sources */,
			);
			runOnlyForDeploymentPostprocessing = 0;
		};
/* End PBXSourcesBuildPhase section */

/* Begin PBXVariantGroup section */
		57D1E5FE1CFED25900BEDFF6 /* Main.storyboard */ = {
			isa = PBXVariantGroup;
			children = (
				57D1E5FF1CFED25900BEDFF6 /* Base */,
			);
			name = Main.storyboard;
			sourceTree = "<group>";
		};
/* End PBXVariantGroup section */

/* Begin XCBuildConfiguration section */
		57D1E6071CFED25900BEDFF6 /* Debug */ = {
			isa = XCBuildConfiguration;
			buildSettings = {
				ALWAYS_SEARCH_USER_PATHS = NO;
				CLANG_ANALYZER_NONNULL = YES;
				CLANG_CXX_LANGUAGE_STANDARD = "gnu++0x";
				CLANG_CXX_LIBRARY = "libc++";
				CLANG_ENABLE_MODULES = YES;
				CLANG_ENABLE_OBJC_ARC = YES;
				CLANG_WARN_BOOL_CONVERSION = YES;
				CLANG_WARN_CONSTANT_CONVERSION = YES;
				CLANG_WARN_DIRECT_OBJC_ISA_USAGE = YES_ERROR;
				CLANG_WARN_EMPTY_BODY = YES;
				CLANG_WARN_ENUM_CONVERSION = YES;
				CLANG_WARN_INT_CONVERSION = YES;
				CLANG_WARN_OBJC_ROOT_CLASS = YES_ERROR;
				CLANG_WARN_UNREACHABLE_CODE = YES;
				CLANG_WARN__DUPLICATE_METHOD_MATCH = YES;
				"CODE_SIGN_IDENTITY[sdk=iphoneos*]" = "iPhone Developer";
				COPY_PHASE_STRIP = NO;
				DEBUG_INFORMATION_FORMAT = dwarf;
				ENABLE_STRICT_OBJC_MSGSEND = YES;
				ENABLE_TESTABILITY = YES;
				GCC_C_LANGUAGE_STANDARD = gnu99;
				GCC_DYNAMIC_NO_PIC = NO;
				GCC_NO_COMMON_BLOCKS = YES;
				GCC_OPTIMIZATION_LEVEL = 0;
				GCC_PREPROCESSOR_DEFINITIONS = (
					"DEBUG=1",
					"$(inherited)",
				);
				GCC_WARN_64_TO_32_BIT_CONVERSION = YES;
				GCC_WARN_ABOUT_RETURN_TYPE = YES_ERROR;
				GCC_WARN_UNDECLARED_SELECTOR = YES;
				GCC_WARN_UNINITIALIZED_AUTOS = YES_AGGRESSIVE;
				GCC_WARN_UNUSED_FUNCTION = YES;
				GCC_WARN_UNUSED_VARIABLE = YES;
				IPHONEOS_DEPLOYMENT_TARGET = 9.3;
				MTL_ENABLE_DEBUG_INFO = YES;
				ONLY_ACTIVE_ARCH = YES;
				SDKROOT = iphoneos;
			};
			name = Debug;
		};
		57D1E6081CFED25900BEDFF6 /* Release */ = {
			isa = XCBuildConfiguration;
			buildSettings = {
				ALWAYS_SEARCH_USER_PATHS = NO;
				CLANG_ANALYZER_NONNULL = YES;
				CLANG_CXX_LANGUAGE_STANDARD = "gnu++0x";
				CLANG_CXX_LIBRARY = "libc++";
				CLANG_ENABLE_MODULES = YES;
				CLANG_ENABLE_OBJC_ARC = YES;
				CLANG_WARN_BOOL_CONVERSION = YES;
				CLANG_WARN_CONSTANT_CONVERSION = YES;
				CLANG_WARN_DIRECT_OBJC_ISA_USAGE = YES_ERROR;
				CLANG_WARN_EMPTY_BODY = YES;
				CLANG_WARN_ENUM_CONVERSION = YES;
				CLANG_WARN_INT_CONVERSION = YES;
				CLANG_WARN_OBJC_ROOT_CLASS = YES_ERROR;
				CLANG_WARN_UNREACHABLE_CODE = YES;
				CLANG_WARN__DUPLICATE_METHOD_MATCH = YES;
				"CODE_SIGN_IDENTITY[sdk=iphoneos*]" = "iPhone Developer";
				COPY_PHASE_STRIP = NO;
				DEBUG_INFORMATION_FORMAT = "dwarf-with-dsym";
				ENABLE_NS_ASSERTIONS = NO;
				ENABLE_STRICT_OBJC_MSGSEND = YES;
				GCC_C_LANGUAGE_STANDARD = gnu99;
				GCC_NO_COMMON_BLOCKS = YES;
				GCC_WARN_64_TO_32_BIT_CONVERSION = YES;
				GCC_WARN_ABOUT_RETURN_TYPE = YES_ERROR;
				GCC_WARN_UNDECLARED_SELECTOR = YES;
				GCC_WARN_UNINITIALIZED_AUTOS = YES_AGGRESSIVE;
				GCC_WARN_UNUSED_FUNCTION = YES;
				GCC_WARN_UNUSED_VARIABLE = YES;
				IPHONEOS_DEPLOYMENT_TARGET = 9.3;
				MTL_ENABLE_DEBUG_INFO = NO;
				SDKROOT = iphoneos;
				VALIDATE_PRODUCT = YES;
			};
			name = Release;
		};
		57D1E60A1CFED25900BEDFF6 /* Debug */ = {
			isa = XCBuildConfiguration;
			baseConfigurationReference = 0C7D6F536A9CD3F96AA3AF20 /* Pods.debug.xcconfig */;
			buildSettings = {
				ASSETCATALOG_COMPILER_APPICON_NAME = AppIcon;
				GCC_PRECOMPILE_PREFIX_HEADER = YES;
				GCC_PREFIX_HEADER = "$(SRCROOT)/sebot/PrefixHeader.pch";
				INFOPLIST_FILE = sebot/Info.plist;
				IPHONEOS_DEPLOYMENT_TARGET = 8.0;
				LD_RUNPATH_SEARCH_PATHS = "$(inherited) @executable_path/Frameworks";
				PRODUCT_BUNDLE_IDENTIFIER = com.sego.sebot;
				PRODUCT_NAME = "$(TARGET_NAME)";
			};
			name = Debug;
		};
		57D1E60B1CFED25900BEDFF6 /* Release */ = {
			isa = XCBuildConfiguration;
			baseConfigurationReference = 8FD84F7D3505BA6C0FF1433D /* Pods.release.xcconfig */;
			buildSettings = {
				ASSETCATALOG_COMPILER_APPICON_NAME = AppIcon;
				GCC_PRECOMPILE_PREFIX_HEADER = YES;
				GCC_PREFIX_HEADER = "$(SRCROOT)/sebot/PrefixHeader.pch";
				INFOPLIST_FILE = sebot/Info.plist;
				IPHONEOS_DEPLOYMENT_TARGET = 8.0;
				LD_RUNPATH_SEARCH_PATHS = "$(inherited) @executable_path/Frameworks";
				PRODUCT_BUNDLE_IDENTIFIER = com.sego.sebot;
				PRODUCT_NAME = "$(TARGET_NAME)";
			};
			name = Release;
		};
/* End XCBuildConfiguration section */

/* Begin XCConfigurationList section */
		57D1E5ED1CFED25900BEDFF6 /* Build configuration list for PBXProject "sebot" */ = {
			isa = XCConfigurationList;
			buildConfigurations = (
				57D1E6071CFED25900BEDFF6 /* Debug */,
				57D1E6081CFED25900BEDFF6 /* Release */,
			);
			defaultConfigurationIsVisible = 0;
			defaultConfigurationName = Release;
		};
		57D1E6091CFED25900BEDFF6 /* Build configuration list for PBXNativeTarget "sebot" */ = {
			isa = XCConfigurationList;
			buildConfigurations = (
				57D1E60A1CFED25900BEDFF6 /* Debug */,
				57D1E60B1CFED25900BEDFF6 /* Release */,
			);
			defaultConfigurationIsVisible = 0;
			defaultConfigurationName = Release;
		};
/* End XCConfigurationList section */
	};
	rootObject = 57D1E5EA1CFED25900BEDFF6 /* Project object */;
}
